// !$*UTF8*$!
{
	archiveVersion = 1;
	classes = {
	};
	objectVersion = 46;
	objects = {

/* Begin PBXBuildFile section */
		63FB26041BB0938800639609 /* AppDelegate.swift in Sources */ = {isa = PBXBuildFile; fileRef = 63FB26031BB0938800639609 /* AppDelegate.swift */; };
		63FB26061BB0938800639609 /* ViewController.swift in Sources */ = {isa = PBXBuildFile; fileRef = 63FB26051BB0938800639609 /* ViewController.swift */; };
		63FB26091BB0938800639609 /* Main.storyboard in Resources */ = {isa = PBXBuildFile; fileRef = 63FB26071BB0938800639609 /* Main.storyboard */; };
		63FB260B1BB0938800639609 /* Assets.xcassets in Resources */ = {isa = PBXBuildFile; fileRef = 63FB260A1BB0938800639609 /* Assets.xcassets */; };
		63FB260E1BB0938800639609 /* LaunchScreen.storyboard in Resources */ = {isa = PBXBuildFile; fileRef = 63FB260C1BB0938800639609 /* LaunchScreen.storyboard */; };
		63FB26191BB0938800639609 /* GitExampleTests.swift in Sources */ = {isa = PBXBuildFile; fileRef = 63FB26181BB0938800639609 /* GitExampleTests.swift */; };
		63FB26241BB0938800639609 /* GitExampleUITests.swift in Sources */ = {isa = PBXBuildFile; fileRef = 63FB26231BB0938800639609 /* GitExampleUITests.swift */; };
/* End PBXBuildFile section */

/* Begin PBXContainerItemProxy section */
		63FB26151BB0938800639609 /* PBXContainerItemProxy */ = {
			isa = PBXContainerItemProxy;
			containerPortal = 63FB25F81BB0938800639609 /* Project object */;
			proxyType = 1;
			remoteGlobalIDString = 63FB25FF1BB0938800639609;
			remoteInfo = GitExample;
		};
		63FB26201BB0938800639609 /* PBXContainerItemProxy */ = {
			isa = PBXContainerItemProxy;
			containerPortal = 63FB25F81BB0938800639609 /* Project object */;
			proxyType = 1;
			remoteGlobalIDString = 63FB25FF1BB0938800639609;
			remoteInfo = GitExample;
		};
/* End PBXContainerItemProxy section */

/* Begin PBXFileReference section */
		63FB26001BB0938800639609 /* GitExample.app */ = {isa = PBXFileReference; explicitFileType = wrapper.application; includeInIndex = 0; path = GitExample.app; sourceTree = BUILT_PRODUCTS_DIR; };
		63FB26031BB0938800639609 /* AppDelegate.swift */ = {isa = PBXFileReference; lastKnownFileType = sourcecode.swift; path = AppDelegate.swift; sourceTree = "<group>"; };
		63FB26051BB0938800639609 /* ViewController.swift */ = {isa = PBXFileReference; lastKnownFileType = sourcecode.swift; path = ViewController.swift; sourceTree = "<group>"; };
		63FB26081BB0938800639609 /* Base */ = {isa = PBXFileReference; lastKnownFileType = file.storyboard; name = Base; path = Base.lproj/Main.storyboard; sourceTree = "<group>"; };
		63FB260A1BB0938800639609 /* Assets.xcassets */ = {isa = PBXFileReference; lastKnownFileType = folder.assetcatalog; path = Assets.xcassets; sourceTree = "<group>"; };
		63FB260D1BB0938800639609 /* Base */ = {isa = PBXFileReference; lastKnownFileType = file.storyboard; name = Base; path = Base.lproj/LaunchScreen.storyboard; sourceTree = "<group>"; };
		63FB260F1BB0938800639609 /* Info.plist */ = {isa = PBXFileReference; lastKnownFileType = text.plist.xml; path = Info.plist; sourceTree = "<group>"; };
		63FB26141BB0938800639609 /* GitExampleTests.xctest */ = {isa = PBXFileReference; explicitFileType = wrapper.cfbundle; includeInIndex = 0; path = GitExampleTests.xctest; sourceTree = BUILT_PRODUCTS_DIR; };
		63FB26181BB0938800639609 /* GitExampleTests.swift */ = {isa = PBXFileReference; lastKnownFileType = sourcecode.swift; path = GitExampleTests.swift; sourceTree = "<group>"; };
		63FB261A1BB0938800639609 /* Info.plist */ = {isa = PBXFileReference; lastKnownFileType = text.plist.xml; path = Info.plist; sourceTree = "<group>"; };
		63FB261F1BB0938800639609 /* GitExampleUITests.xctest */ = {isa = PBXFileReference; explicitFileType = wrapper.cfbundle; includeInIndex = 0; path = GitExampleUITests.xctest; sourceTree = BUILT_PRODUCTS_DIR; };
		63FB26231BB0938800639609 /* GitExampleUITests.swift */ = {isa = PBXFileReference; lastKnownFileType = sourcecode.swift; path = GitExampleUITests.swift; sourceTree = "<group>"; };
		63FB26251BB0938800639609 /* Info.plist */ = {isa = PBXFileReference; lastKnownFileType = text.plist.xml; path = Info.plist; sourceTree = "<group>"; };
/* End PBXFileReference section */

/* Begin PBXFrameworksBuildPhase section */
		63FB25FD1BB0938800639609 /* Frameworks */ = {
			isa = PBXFrameworksBuildPhase;
			buildActionMask = 2147483647;
			files = (
			);
			runOnlyForDeploymentPostprocessing = 0;
		};
		63FB26111BB0938800639609 /* Frameworks */ = {
			isa = PBXFrameworksBuildPhase;
			buildActionMask = 2147483647;
			files = (
			);
			runOnlyForDeploymentPostprocessing = 0;
		};
		63FB261C1BB0938800639609 /* Frameworks */ = {
			isa = PBXFrameworksBuildPhase;
			buildActionMask = 2147483647;
			files = (
			);
			runOnlyForDeploymentPostprocessing = 0;
		};
/* End PBXFrameworksBuildPhase section */

/* Begin PBXGroup section */
		63FB25F71BB0938800639609 = {
			isa = PBXGroup;
			children = (
				63FB26021BB0938800639609 /* GitExample */,
				63FB26171BB0938800639609 /* GitExampleTests */,
				63FB26221BB0938800639609 /* GitExampleUITests */,
				63FB26011BB0938800639609 /* Products */,
			);
			sourceTree = "<group>";
		};
		63FB26011BB0938800639609 /* Products */ = {
			isa = PBXGroup;
			children = (
				63FB26001BB0938800639609 /* GitExample.app */,
				63FB26141BB0938800639609 /* GitExampleTests.xctest */,
				63FB261F1BB0938800639609 /* GitExampleUITests.xctest */,
			);
			name = Products;
			sourceTree = "<group>";
		};
		63FB26021BB0938800639609 /* GitExample */ = {
			isa = PBXGroup;
			children = (
				63FB26031BB0938800639609 /* AppDelegate.swift */,
				63FB26051BB0938800639609 /* ViewController.swift */,
				63FB26071BB0938800639609 /* Main.storyboard */,
				63FB260A1BB0938800639609 /* Assets.xcassets */,
				63FB260C1BB0938800639609 /* LaunchScreen.storyboard */,
				63FB260F1BB0938800639609 /* Info.plist */,
			);
			path = GitExample;
			sourceTree = "<group>";
		};
		63FB26171BB0938800639609 /* GitExampleTests */ = {
			isa = PBXGroup;
			children = (
				63FB26181BB0938800639609 /* GitExampleTests.swift */,
				63FB261A1BB0938800639609 /* Info.plist */,
			);
			path = GitExampleTests;
			sourceTree = "<group>";
		};
		63FB26221BB0938800639609 /* GitExampleUITests */ = {
			isa = PBXGroup;
			children = (
				63FB26231BB0938800639609 /* GitExampleUITests.swift */,
				63FB26251BB0938800639609 /* Info.plist */,
			);
			path = GitExampleUITests;
			sourceTree = "<group>";
		};
/* End PBXGroup section */

/* Begin PBXNativeTarget section */
		63FB25FF1BB0938800639609 /* GitExample */ = {
			isa = PBXNativeTarget;
			buildConfigurationList = 63FB26281BB0938800639609 /* Build configuration list for PBXNativeTarget "GitExample" */;
			buildPhases = (
				63FB25FC1BB0938800639609 /* Sources */,
				63FB25FD1BB0938800639609 /* Frameworks */,
				63FB25FE1BB0938800639609 /* Resources */,
			);
			buildRules = (
			);
			dependencies = (
			);
			name = GitExample;
			productName = GitExample;
			productReference = 63FB26001BB0938800639609 /* GitExample.app */;
			productType = "com.apple.product-type.application";
		};
		63FB26131BB0938800639609 /* GitExampleTests */ = {
			isa = PBXNativeTarget;
			buildConfigurationList = 63FB262B1BB0938800639609 /* Build configuration list for PBXNativeTarget "GitExampleTests" */;
			buildPhases = (
				63FB26101BB0938800639609 /* Sources */,
				63FB26111BB0938800639609 /* Frameworks */,
				63FB26121BB0938800639609 /* Resources */,
			);
			buildRules = (
			);
			dependencies = (
				63FB26161BB0938800639609 /* PBXTargetDependency */,
			);
			name = GitExampleTests;
			productName = GitExampleTests;
			productReference = 63FB26141BB0938800639609 /* GitExampleTests.xctest */;
			productType = "com.apple.product-type.bundle.unit-test";
		};
		63FB261E1BB0938800639609 /* GitExampleUITests */ = {
			isa = PBXNativeTarget;
			buildConfigurationList = 63FB262E1BB0938800639609 /* Build configuration list for PBXNativeTarget "GitExampleUITests" */;
			buildPhases = (
				63FB261B1BB0938800639609 /* Sources */,
				63FB261C1BB0938800639609 /* Frameworks */,
				63FB261D1BB0938800639609 /* Resources */,
			);
			buildRules = (
			);
			dependencies = (
				63FB26211BB0938800639609 /* PBXTargetDependency */,
			);
			name = GitExampleUITests;
			productName = GitExampleUITests;
			productReference = 63FB261F1BB0938800639609 /* GitExampleUITests.xctest */;
			productType = "com.apple.product-type.bundle.ui-testing";
		};
/* End PBXNativeTarget section */

/* Begin PBXProject section */
		63FB25F81BB0938800639609 /* Project object */ = {
			isa = PBXProject;
			attributes = {
				LastUpgradeCheck = 0700;
				ORGANIZATIONNAME = LDC;
				TargetAttributes = {
					63FB25FF1BB0938800639609 = {
						CreatedOnToolsVersion = 7.0;
					};
					63FB26131BB0938800639609 = {
						CreatedOnToolsVersion = 7.0;
						TestTargetID = 63FB25FF1BB0938800639609;
					};
					63FB261E1BB0938800639609 = {
						CreatedOnToolsVersion = 7.0;
						TestTargetID = 63FB25FF1BB0938800639609;
					};
				};
			};
			buildConfigurationList = 63FB25FB1BB0938800639609 /* Build configuration list for PBXProject "GitExample" */;
			compatibilityVersion = "Xcode 3.2";
			developmentRegion = English;
			hasScannedForEncodings = 0;
			knownRegions = (
				en,
				Base,
			);
			mainGroup = 63FB25F71BB0938800639609;
			productRefGroup = 63FB26011BB0938800639609 /* Products */;
			projectDirPath = "";
			projectRoot = "";
			targets = (
				63FB25FF1BB0938800639609 /* GitExample */,
				63FB26131BB0938800639609 /* GitExampleTests */,
				63FB261E1BB0938800639609 /* GitExampleUITests */,
			);
		};
/* End PBXProject section */

/* Begin PBXResourcesBuildPhase section */
		63FB25FE1BB0938800639609 /* Resources */ = {
			isa = PBXResourcesBuildPhase;
			buildActionMask = 2147483647;
			files = (
				63FB260E1BB0938800639609 /* LaunchScreen.storyboard in Resources */,
				63FB260B1BB0938800639609 /* Assets.xcassets in Resources */,
				63FB26091BB0938800639609 /* Main.storyboard in Resources */,
			);
			runOnlyForDeploymentPostprocessing = 0;
		};
		63FB26121BB0938800639609 /* Resources */ = {
			isa = PBXResourcesBuildPhase;
			buildActionMask = 2147483647;
			files = (
			);
			runOnlyForDeploymentPostprocessing = 0;
		};
		63FB261D1BB0938800639609 /* Resources */ = {
			isa = PBXResourcesBuildPhase;
			buildActionMask = 2147483647;
			files = (
			);
			runOnlyForDeploymentPostprocessing = 0;
		};
/* End PBXResourcesBuildPhase section */

/* Begin PBXSourcesBuildPhase section */
		63FB25FC1BB0938800639609 /* Sources */ = {
			isa = PBXSourcesBuildPhase;
			buildActionMask = 2147483647;
			files = (
				63FB26061BB0938800639609 /* ViewController.swift in Sources */,
				63FB26041BB0938800639609 /* AppDelegate.swift in Sources */,
			);
			runOnlyForDeploymentPostprocessing = 0;
		};
		63FB26101BB0938800639609 /* Sources */ = {
			isa = PBXSourcesBuildPhase;
			buildActionMask = 2147483647;
			files = (
				63FB26191BB0938800639609 /* GitExampleTests.swift in Sources */,
			);
			runOnlyForDeploymentPostprocessing = 0;
		};
		63FB261B1BB0938800639609 /* Sources */ = {
			isa = PBXSourcesBuildPhase;
			buildActionMask = 2147483647;
			files = (
				63FB26241BB0938800639609 /* GitExampleUITests.swift in Sources */,
			);
			runOnlyForDeploymentPostprocessing = 0;
		};
/* End PBXSourcesBuildPhase section */

/* Begin PBXTargetDependency section */
		63FB26161BB0938800639609 /* PBXTargetDependency */ = {
			isa = PBXTargetDependency;
			target = 63FB25FF1BB0938800639609 /* GitExample */;
			targetProxy = 63FB26151BB0938800639609 /* PBXContainerItemProxy */;
		};
		63FB26211BB0938800639609 /* PBXTargetDependency */ = {
			isa = PBXTargetDependency;
			target = 63FB25FF1BB0938800639609 /* GitExample */;
			targetProxy = 63FB26201BB0938800639609 /* PBXContainerItemProxy */;
		};
/* End PBXTargetDependency section */

/* Begin PBXVariantGroup section */
		63FB26071BB0938800639609 /* Main.storyboard */ = {
			isa = PBXVariantGroup;
			children = (
				63FB26081BB0938800639609 /* Base */,
			);
			name = Main.storyboard;
			sourceTree = "<group>";
		};
		63FB260C1BB0938800639609 /* LaunchScreen.storyboard */ = {
			isa = PBXVariantGroup;
			children = (
				63FB260D1BB0938800639609 /* Base */,
			);
			name = LaunchScreen.storyboard;
			sourceTree = "<group>";
		};
/* End PBXVariantGroup section */

/* Begin XCBuildConfiguration section */
		63FB26261BB0938800639609 /* Debug */ = {
			isa = XCBuildConfiguration;
			buildSettings = {
				ALWAYS_SEARCH_USER_PATHS = NO;
				CLANG_CXX_LANGUAGE_STANDARD = "gnu++0x";
				CLANG_CXX_LIBRARY = "libc++";
				CLANG_ENABLE_MODULES = YES;
				CLANG_ENABLE_OBJC_ARC = YES;
				CLANG_WARN_BOOL_CONVERSION = YES;
				CLANG_WARN_CONSTANT_CONVERSION = YES;
				CLANG_WARN_DIRECT_OBJC_ISA_USAGE = YES_ERROR;
				CLANG_WARN_EMPTY_BODY = YES;
				CLANG_WARN_ENUM_CONVERSION = YES;
				CLANG_WARN_INT_CONVERSION = YES;
				CLANG_WARN_OBJC_ROOT_CLASS = YES_ERROR;
				CLANG_WARN_UNREACHABLE_CODE = YES;
				CLANG_WARN__DUPLICATE_METHOD_MATCH = YES;
				"CODE_SIGN_IDENTITY[sdk=iphoneos*]" = "iPhone Developer";
				COPY_PHASE_STRIP = NO;
				DEBUG_INFORMATION_FORMAT = dwarf;
				ENABLE_STRICT_OBJC_MSGSEND = YES;
				ENABLE_TESTABILITY = YES;
				GCC_C_LANGUAGE_STANDARD = gnu99;
				GCC_DYNAMIC_NO_PIC = NO;
				GCC_NO_COMMON_BLOCKS = YES;
				GCC_OPTIMIZATION_LEVEL = 0;
				GCC_PREPROCESSOR_DEFINITIONS = (
					"DEBUG=1",
					"$(inherited)",
				);
				GCC_WARN_64_TO_32_BIT_CONVERSION = YES;
				GCC_WARN_ABOUT_RETURN_TYPE = YES_ERROR;
				GCC_WARN_UNDECLARED_SELECTOR = YES;
				GCC_WARN_UNINITIALIZED_AUTOS = YES_AGGRESSIVE;
				GCC_WARN_UNUSED_FUNCTION = YES;
				GCC_WARN_UNUSED_VARIABLE = YES;
				IPHONEOS_DEPLOYMENT_TARGET = 9.0;
				MTL_ENABLE_DEBUG_INFO = YES;
				ONLY_ACTIVE_ARCH = YES;
				SDKROOT = iphoneos;
				SWIFT_OPTIMIZATION_LEVEL = "-Onone";
			};
			name = Debug;
		};
		63FB26271BB0938800639609 /* Release */ = {
			isa = XCBuildConfiguration;
			buildSettings = {
				ALWAYS_SEARCH_USER_PATHS = NO;
				CLANG_CXX_LANGUAGE_STANDARD = "gnu++0x";
				CLANG_CXX_LIBRARY = "libc++";
				CLANG_ENABLE_MODULES = YES;
				CLANG_ENABLE_OBJC_ARC = YES;
				CLANG_WARN_BOOL_CONVERSION = YES;
				CLANG_WARN_CONSTANT_CONVERSION = YES;
				CLANG_WARN_DIRECT_OBJC_ISA_USAGE = YES_ERROR;
				CLANG_WARN_EMPTY_BODY = YES;
				CLANG_WARN_ENUM_CONVERSION = YES;
				CLANG_WARN_INT_CONVERSION = YES;
				CLANG_WARN_OBJC_ROOT_CLASS = YES_ERROR;
				CLANG_WARN_UNREACHABLE_CODE = YES;
				CLANG_WARN__DUPLICATE_METHOD_MATCH = YES;
				"CODE_SIGN_IDENTITY[sdk=iphoneos*]" = "iPhone Developer";
				COPY_PHASE_STRIP = NO;
				DEBUG_INFORMATION_FORMAT = "dwarf-with-dsym";
				ENABLE_NS_ASSERTIONS = NO;
				ENABLE_STRICT_OBJC_MSGSEND = YES;
				GCC_C_LANGUAGE_STANDARD = gnu99;
				GCC_NO_COMMON_BLOCKS = YES;
				GCC_WARN_64_TO_32_BIT_CONVERSION = YES;
				GCC_WARN_ABOUT_RETURN_TYPE = YES_ERROR;
				GCC_WARN_UNDECLARED_SELECTOR = YES;
				GCC_WARN_UNINITIALIZED_AUTOS = YES_AGGRESSIVE;
				GCC_WARN_UNUSED_FUNCTION = YES;
				GCC_WARN_UNUSED_VARIABLE = YES;
				IPHONEOS_DEPLOYMENT_TARGET = 9.0;
				MTL_ENABLE_DEBUG_INFO = NO;
				SDKROOT = iphoneos;
				VALIDATE_PRODUCT = YES;
			};
			name = Release;
		};
		63FB26291BB0938800639609 /* Debug */ = {
			isa = XCBuildConfiguration;
			buildSettings = {
				ASSETCATALOG_COMPILER_APPICON_NAME = AppIcon;
				INFOPLIST_FILE = GitExample/Info.plist;
				LD_RUNPATH_SEARCH_PATHS = "$(inherited) @executable_path/Frameworks";
				PRODUCT_BUNDLE_IDENTIFIER = com.toddperkins.GitExample;
				PRODUCT_NAME = "$(TARGET_NAME)";
			};
			name = Debug;
		};
		63FB262A1BB0938800639609 /* Release */ = {
			isa = XCBuildConfiguration;
			buildSettings = {
				ASSETCATALOG_COMPILER_APPICON_NAME = AppIcon;
				INFOPLIST_FILE = GitExample/Info.plist;
				LD_RUNPATH_SEARCH_PATHS = "$(inherited) @executable_path/Frameworks";
				PRODUCT_BUNDLE_IDENTIFIER = com.toddperkins.GitExample;
				PRODUCT_NAME = "$(TARGET_NAME)";
			};
			name = Release;
		};
		63FB262C1BB0938800639609 /* Debug */ = {
			isa = XCBuildConfiguration;
			buildSettings = {
				BUNDLE_LOADER = "$(TEST_HOST)";
				INFOPLIST_FILE = GitExampleTests/Info.plist;
				LD_RUNPATH_SEARCH_PATHS = "$(inherited) @executable_path/Frameworks @loader_path/Frameworks";
				PRODUCT_BUNDLE_IDENTIFIER = com.toddperkins.GitExampleTests;
				PRODUCT_NAME = "$(TARGET_NAME)";
				TEST_HOST = "$(BUILT_PRODUCTS_DIR)/GitExample.app/GitExample";
			};
			name = Debug;
		};
		63FB262D1BB0938800639609 /* Release */ = {
			isa = XCBuildConfiguration;
			buildSettings = {
				BUNDLE_LOADER = "$(TEST_HOST)";
				INFOPLIST_FILE = GitExampleTests/Info.plist;
				LD_RUNPATH_SEARCH_PATHS = "$(inherited) @executable_path/Frameworks @loader_path/Frameworks";
				PRODUCT_BUNDLE_IDENTIFIER = com.toddperkins.GitExampleTests;
				PRODUCT_NAME = "$(TARGET_NAME)";
				TEST_HOST = "$(BUILT_PRODUCTS_DIR)/GitExample.app/GitExample";
			};
			name = Release;
		};
		63FB262F1BB0938800639609 /* Debug */ = {
			isa = XCBuildConfiguration;
			buildSettings = {
				INFOPLIST_FILE = GitExampleUITests/Info.plist;
				LD_RUNPATH_SEARCH_PATHS = "$(inherited) @executable_path/Frameworks @loader_path/Frameworks";
				PRODUCT_BUNDLE_IDENTIFIER = com.toddperkins.GitExampleUITests;
				PRODUCT_NAME = "$(TARGET_NAME)";
				TEST_TARGET_NAME = GitExample;
				USES_XCTRUNNER = YES;
			};
			name = Debug;
		};
		63FB26301BB0938800639609 /* Release */ = {
			isa = XCBuildConfiguration;
			buildSettings = {
				INFOPLIST_FILE = GitExampleUITests/Info.plist;
				LD_RUNPATH_SEARCH_PATHS = "$(inherited) @executable_path/Frameworks @loader_path/Frameworks";
				PRODUCT_BUNDLE_IDENTIFIER = com.toddperkins.GitExampleUITests;
				PRODUCT_NAME = "$(TARGET_NAME)";
				TEST_TARGET_NAME = GitExample;
				USES_XCTRUNNER = YES;
			};
			name = Release;
		};
/* End XCBuildConfiguration section */

/* Begin XCConfigurationList section */
		63FB25FB1BB0938800639609 /* Build configuration list for PBXProject "GitExample" */ = {
			isa = XCConfigurationList;
			buildConfigurations = (
				63FB26261BB0938800639609 /* Debug */,
				63FB26271BB0938800639609 /* Release */,
			);
			defaultConfigurationIsVisible = 0;
			defaultConfigurationName = Release;
		};
		63FB26281BB0938800639609 /* Build configuration list for PBXNativeTarget "GitExample" */ = {
			isa = XCConfigurationList;
			buildConfigurations = (
				63FB26291BB0938800639609 /* Debug */,
				63FB262A1BB0938800639609 /* Release */,
			);
			defaultConfigurationIsVisible = 0;
		};
		63FB262B1BB0938800639609 /* Build configuration list for PBXNativeTarget "GitExampleTests" */ = {
			isa = XCConfigurationList;
			buildConfigurations = (
				63FB262C1BB0938800639609 /* Debug */,
				63FB262D1BB0938800639609 /* Release */,
			);
			defaultConfigurationIsVisible = 0;
		};
		63FB262E1BB0938800639609 /* Build configuration list for PBXNativeTarget "GitExampleUITests" */ = {
			isa = XCConfigurationList;
			buildConfigurations = (
				63FB262F1BB0938800639609 /* Debug */,
				63FB26301BB0938800639609 /* Release */,
			);
			defaultConfigurationIsVisible = 0;
		};
/* End XCConfigurationList section */
	};
	rootObject = 63FB25F81BB0938800639609 /* Project object */;
}
