// !$*UTF8*$!
{
	archiveVersion = 1;
	classes = {
	};
	objectVersion = 46;
	objects = {

/* Begin PBXBuildFile section */
		63CF01A51C7D26AE00496929 /* AppDelegate.swift in Sources */ = {isa = PBXBuildFile; fileRef = 63CF01A41C7D26AE00496929 /* AppDelegate.swift */; };
		63CF01A71C7D26AE00496929 /* ViewController.swift in Sources */ = {isa = PBXBuildFile; fileRef = 63CF01A61C7D26AE00496929 /* ViewController.swift */; };
		63CF01AA1C7D26AE00496929 /* Main.storyboard in Resources */ = {isa = PBXBuildFile; fileRef = 63CF01A81C7D26AE00496929 /* Main.storyboard */; };
		63CF01AC1C7D26AE00496929 /* Assets.xcassets in Resources */ = {isa = PBXBuildFile; fileRef = 63CF01AB1C7D26AE00496929 /* Assets.xcassets */; };
		63CF01AF1C7D26AE00496929 /* LaunchScreen.storyboard in Resources */ = {isa = PBXBuildFile; fileRef = 63CF01AD1C7D26AE00496929 /* LaunchScreen.storyboard */; };
		63CF01B41C7D26AE00496929 /* WExample WatchKit App.app in Embed Watch Content */ = {isa = PBXBuildFile; fileRef = 63CF01B31C7D26AE00496929 /* WExample WatchKit App.app */; };
		63CF01BA1C7D26AE00496929 /* Interface.storyboard in Resources */ = {isa = PBXBuildFile; fileRef = 63CF01B81C7D26AE00496929 /* Interface.storyboard */; };
		63CF01BC1C7D26AE00496929 /* Assets.xcassets in Resources */ = {isa = PBXBuildFile; fileRef = 63CF01BB1C7D26AE00496929 /* Assets.xcassets */; };
		63CF01C31C7D26AE00496929 /* WExample WatchKit Extension.appex in Embed App Extensions */ = {isa = PBXBuildFile; fileRef = 63CF01C21C7D26AE00496929 /* WExample WatchKit Extension.appex */; settings = {ATTRIBUTES = (RemoveHeadersOnCopy, ); }; };
		63CF01CA1C7D26AE00496929 /* InterfaceController.swift in Sources */ = {isa = PBXBuildFile; fileRef = 63CF01C91C7D26AE00496929 /* InterfaceController.swift */; };
		63CF01CC1C7D26AE00496929 /* ExtensionDelegate.swift in Sources */ = {isa = PBXBuildFile; fileRef = 63CF01CB1C7D26AE00496929 /* ExtensionDelegate.swift */; };
		63CF01CE1C7D26AE00496929 /* NotificationController.swift in Sources */ = {isa = PBXBuildFile; fileRef = 63CF01CD1C7D26AE00496929 /* NotificationController.swift */; };
		63CF01D01C7D26AE00496929 /* Assets.xcassets in Resources */ = {isa = PBXBuildFile; fileRef = 63CF01CF1C7D26AE00496929 /* Assets.xcassets */; };
/* End PBXBuildFile section */

/* Begin PBXContainerItemProxy section */
		63CF01B51C7D26AE00496929 /* PBXContainerItemProxy */ = {
			isa = PBXContainerItemProxy;
			containerPortal = 63CF01991C7D26AE00496929 /* Project object */;
			proxyType = 1;
			remoteGlobalIDString = 63CF01B21C7D26AE00496929;
			remoteInfo = "WExample WatchKit App";
		};
		63CF01C41C7D26AE00496929 /* PBXContainerItemProxy */ = {
			isa = PBXContainerItemProxy;
			containerPortal = 63CF01991C7D26AE00496929 /* Project object */;
			proxyType = 1;
			remoteGlobalIDString = 63CF01C11C7D26AE00496929;
			remoteInfo = "WExample WatchKit Extension";
		};
/* End PBXContainerItemProxy section */

/* Begin PBXCopyFilesBuildPhase section */
		63CF01D71C7D26AE00496929 /* Embed App Extensions */ = {
			isa = PBXCopyFilesBuildPhase;
			buildActionMask = 2147483647;
			dstPath = "";
			dstSubfolderSpec = 13;
			files = (
				63CF01C31C7D26AE00496929 /* WExample WatchKit Extension.appex in Embed App Extensions */,
			);
			name = "Embed App Extensions";
			runOnlyForDeploymentPostprocessing = 0;
		};
		63CF01DB1C7D26AE00496929 /* Embed Watch Content */ = {
			isa = PBXCopyFilesBuildPhase;
			buildActionMask = 2147483647;
			dstPath = "$(CONTENTS_FOLDER_PATH)/Watch";
			dstSubfolderSpec = 16;
			files = (
				63CF01B41C7D26AE00496929 /* WExample WatchKit App.app in Embed Watch Content */,
			);
			name = "Embed Watch Content";
			runOnlyForDeploymentPostprocessing = 0;
		};
/* End PBXCopyFilesBuildPhase section */

/* Begin PBXFileReference section */
		63CF01A11C7D26AE00496929 /* WExample.app */ = {isa = PBXFileReference; explicitFileType = wrapper.application; includeInIndex = 0; path = WExample.app; sourceTree = BUILT_PRODUCTS_DIR; };
		63CF01A41C7D26AE00496929 /* AppDelegate.swift */ = {isa = PBXFileReference; lastKnownFileType = sourcecode.swift; path = AppDelegate.swift; sourceTree = "<group>"; };
		63CF01A61C7D26AE00496929 /* ViewController.swift */ = {isa = PBXFileReference; lastKnownFileType = sourcecode.swift; path = ViewController.swift; sourceTree = "<group>"; };
		63CF01A91C7D26AE00496929 /* Base */ = {isa = PBXFileReference; lastKnownFileType = file.storyboard; name = Base; path = Base.lproj/Main.storyboard; sourceTree = "<group>"; };
		63CF01AB1C7D26AE00496929 /* Assets.xcassets */ = {isa = PBXFileReference; lastKnownFileType = folder.assetcatalog; path = Assets.xcassets; sourceTree = "<group>"; };
		63CF01AE1C7D26AE00496929 /* Base */ = {isa = PBXFileReference; lastKnownFileType = file.storyboard; name = Base; path = Base.lproj/LaunchScreen.storyboard; sourceTree = "<group>"; };
		63CF01B01C7D26AE00496929 /* Info.plist */ = {isa = PBXFileReference; lastKnownFileType = text.plist.xml; path = Info.plist; sourceTree = "<group>"; };
		63CF01B31C7D26AE00496929 /* WExample WatchKit App.app */ = {isa = PBXFileReference; explicitFileType = wrapper.application; includeInIndex = 0; path = "WExample WatchKit App.app"; sourceTree = BUILT_PRODUCTS_DIR; };
		63CF01B91C7D26AE00496929 /* Base */ = {isa = PBXFileReference; lastKnownFileType = file.storyboard; name = Base; path = Base.lproj/Interface.storyboard; sourceTree = "<group>"; };
		63CF01BB1C7D26AE00496929 /* Assets.xcassets */ = {isa = PBXFileReference; lastKnownFileType = folder.assetcatalog; path = Assets.xcassets; sourceTree = "<group>"; };
		63CF01BD1C7D26AE00496929 /* Info.plist */ = {isa = PBXFileReference; lastKnownFileType = text.plist.xml; path = Info.plist; sourceTree = "<group>"; };
		63CF01C21C7D26AE00496929 /* WExample WatchKit Extension.appex */ = {isa = PBXFileReference; explicitFileType = "wrapper.app-extension"; includeInIndex = 0; path = "WExample WatchKit Extension.appex"; sourceTree = BUILT_PRODUCTS_DIR; };
		63CF01C81C7D26AE00496929 /* PushNotificationPayload.apns */ = {isa = PBXFileReference; lastKnownFileType = text; path = PushNotificationPayload.apns; sourceTree = "<group>"; };
		63CF01C91C7D26AE00496929 /* InterfaceController.swift */ = {isa = PBXFileReference; lastKnownFileType = sourcecode.swift; path = InterfaceController.swift; sourceTree = "<group>"; };
		63CF01CB1C7D26AE00496929 /* ExtensionDelegate.swift */ = {isa = PBXFileReference; lastKnownFileType = sourcecode.swift; path = ExtensionDelegate.swift; sourceTree = "<group>"; };
		63CF01CD1C7D26AE00496929 /* NotificationController.swift */ = {isa = PBXFileReference; lastKnownFileType = sourcecode.swift; path = NotificationController.swift; sourceTree = "<group>"; };
		63CF01CF1C7D26AE00496929 /* Assets.xcassets */ = {isa = PBXFileReference; lastKnownFileType = folder.assetcatalog; path = Assets.xcassets; sourceTree = "<group>"; };
		63CF01D11C7D26AE00496929 /* Info.plist */ = {isa = PBXFileReference; lastKnownFileType = text.plist.xml; path = Info.plist; sourceTree = "<group>"; };
/* End PBXFileReference section */

/* Begin PBXFrameworksBuildPhase section */
		63CF019E1C7D26AE00496929 /* Frameworks */ = {
			isa = PBXFrameworksBuildPhase;
			buildActionMask = 2147483647;
			files = (
			);
			runOnlyForDeploymentPostprocessing = 0;
		};
		63CF01BF1C7D26AE00496929 /* Frameworks */ = {
			isa = PBXFrameworksBuildPhase;
			buildActionMask = 2147483647;
			files = (
			);
			runOnlyForDeploymentPostprocessing = 0;
		};
/* End PBXFrameworksBuildPhase section */

/* Begin PBXGroup section */
		63CF01981C7D26AE00496929 = {
			isa = PBXGroup;
			children = (
				63CF01A31C7D26AE00496929 /* WExample */,
				63CF01B71C7D26AE00496929 /* WExample WatchKit App */,
				63CF01C61C7D26AE00496929 /* WExample WatchKit Extension */,
				63CF01A21C7D26AE00496929 /* Products */,
			);
			sourceTree = "<group>";
		};
		63CF01A21C7D26AE00496929 /* Products */ = {
			isa = PBXGroup;
			children = (
				63CF01A11C7D26AE00496929 /* WExample.app */,
				63CF01B31C7D26AE00496929 /* WExample WatchKit App.app */,
				63CF01C21C7D26AE00496929 /* WExample WatchKit Extension.appex */,
			);
			name = Products;
			sourceTree = "<group>";
		};
		63CF01A31C7D26AE00496929 /* WExample */ = {
			isa = PBXGroup;
			children = (
				63CF01A41C7D26AE00496929 /* AppDelegate.swift */,
				63CF01A61C7D26AE00496929 /* ViewController.swift */,
				63CF01A81C7D26AE00496929 /* Main.storyboard */,
				63CF01AB1C7D26AE00496929 /* Assets.xcassets */,
				63CF01AD1C7D26AE00496929 /* LaunchScreen.storyboard */,
				63CF01B01C7D26AE00496929 /* Info.plist */,
			);
			path = WExample;
			sourceTree = "<group>";
		};
		63CF01B71C7D26AE00496929 /* WExample WatchKit App */ = {
			isa = PBXGroup;
			children = (
				63CF01B81C7D26AE00496929 /* Interface.storyboard */,
				63CF01BB1C7D26AE00496929 /* Assets.xcassets */,
				63CF01BD1C7D26AE00496929 /* Info.plist */,
			);
			path = "WExample WatchKit App";
			sourceTree = "<group>";
		};
		63CF01C61C7D26AE00496929 /* WExample WatchKit Extension */ = {
			isa = PBXGroup;
			children = (
				63CF01C91C7D26AE00496929 /* InterfaceController.swift */,
				63CF01CB1C7D26AE00496929 /* ExtensionDelegate.swift */,
				63CF01CD1C7D26AE00496929 /* NotificationController.swift */,
				63CF01CF1C7D26AE00496929 /* Assets.xcassets */,
				63CF01D11C7D26AE00496929 /* Info.plist */,
				63CF01C71C7D26AE00496929 /* Supporting Files */,
			);
			path = "WExample WatchKit Extension";
			sourceTree = "<group>";
		};
		63CF01C71C7D26AE00496929 /* Supporting Files */ = {
			isa = PBXGroup;
			children = (
				63CF01C81C7D26AE00496929 /* PushNotificationPayload.apns */,
			);
			name = "Supporting Files";
			sourceTree = "<group>";
		};
/* End PBXGroup section */

/* Begin PBXNativeTarget section */
		63CF01A01C7D26AE00496929 /* WExample */ = {
			isa = PBXNativeTarget;
			buildConfigurationList = 63CF01DC1C7D26AE00496929 /* Build configuration list for PBXNativeTarget "WExample" */;
			buildPhases = (
				63CF019D1C7D26AE00496929 /* Sources */,
				63CF019E1C7D26AE00496929 /* Frameworks */,
				63CF019F1C7D26AE00496929 /* Resources */,
				63CF01DB1C7D26AE00496929 /* Embed Watch Content */,
			);
			buildRules = (
			);
			dependencies = (
				63CF01B61C7D26AE00496929 /* PBXTargetDependency */,
			);
			name = WExample;
			productName = WExample;
			productReference = 63CF01A11C7D26AE00496929 /* WExample.app */;
			productType = "com.apple.product-type.application";
		};
		63CF01B21C7D26AE00496929 /* WExample WatchKit App */ = {
			isa = PBXNativeTarget;
			buildConfigurationList = 63CF01D81C7D26AE00496929 /* Build configuration list for PBXNativeTarget "WExample WatchKit App" */;
			buildPhases = (
				63CF01B11C7D26AE00496929 /* Resources */,
				63CF01D71C7D26AE00496929 /* Embed App Extensions */,
			);
			buildRules = (
			);
			dependencies = (
				63CF01C51C7D26AE00496929 /* PBXTargetDependency */,
			);
			name = "WExample WatchKit App";
			productName = "WExample WatchKit App";
			productReference = 63CF01B31C7D26AE00496929 /* WExample WatchKit App.app */;
			productType = "com.apple.product-type.application.watchapp2";
		};
		63CF01C11C7D26AE00496929 /* WExample WatchKit Extension */ = {
			isa = PBXNativeTarget;
			buildConfigurationList = 63CF01D41C7D26AE00496929 /* Build configuration list for PBXNativeTarget "WExample WatchKit Extension" */;
			buildPhases = (
				63CF01BE1C7D26AE00496929 /* Sources */,
				63CF01BF1C7D26AE00496929 /* Frameworks */,
				63CF01C01C7D26AE00496929 /* Resources */,
			);
			buildRules = (
			);
			dependencies = (
			);
			name = "WExample WatchKit Extension";
			productName = "WExample WatchKit Extension";
			productReference = 63CF01C21C7D26AE00496929 /* WExample WatchKit Extension.appex */;
			productType = "com.apple.product-type.watchkit2-extension";
		};
/* End PBXNativeTarget section */

/* Begin PBXProject section */
		63CF01991C7D26AE00496929 /* Project object */ = {
			isa = PBXProject;
			attributes = {
				LastSwiftUpdateCheck = 0720;
				LastUpgradeCheck = 0720;
				ORGANIZATIONNAME = LDC;
				TargetAttributes = {
					63CF01A01C7D26AE00496929 = {
						CreatedOnToolsVersion = 7.2.1;
					};
					63CF01B21C7D26AE00496929 = {
						CreatedOnToolsVersion = 7.2.1;
					};
					63CF01C11C7D26AE00496929 = {
						CreatedOnToolsVersion = 7.2.1;
					};
				};
			};
			buildConfigurationList = 63CF019C1C7D26AE00496929 /* Build configuration list for PBXProject "WExample" */;
			compatibilityVersion = "Xcode 3.2";
			developmentRegion = English;
			hasScannedForEncodings = 0;
			knownRegions = (
				en,
				Base,
			);
			mainGroup = 63CF01981C7D26AE00496929;
			productRefGroup = 63CF01A21C7D26AE00496929 /* Products */;
			projectDirPath = "";
			projectRoot = "";
			targets = (
				63CF01A01C7D26AE00496929 /* WExample */,
				63CF01B21C7D26AE00496929 /* WExample WatchKit App */,
				63CF01C11C7D26AE00496929 /* WExample WatchKit Extension */,
			);
		};
/* End PBXProject section */

/* Begin PBXResourcesBuildPhase section */
		63CF019F1C7D26AE00496929 /* Resources */ = {
			isa = PBXResourcesBuildPhase;
			buildActionMask = 2147483647;
			files = (
				63CF01AF1C7D26AE00496929 /* LaunchScreen.storyboard in Resources */,
				63CF01AC1C7D26AE00496929 /* Assets.xcassets in Resources */,
				63CF01AA1C7D26AE00496929 /* Main.storyboard in Resources */,
			);
			runOnlyForDeploymentPostprocessing = 0;
		};
		63CF01B11C7D26AE00496929 /* Resources */ = {
			isa = PBXResourcesBuildPhase;
			buildActionMask = 2147483647;
			files = (
				63CF01BC1C7D26AE00496929 /* Assets.xcassets in Resources */,
				63CF01BA1C7D26AE00496929 /* Interface.storyboard in Resources */,
			);
			runOnlyForDeploymentPostprocessing = 0;
		};
		63CF01C01C7D26AE00496929 /* Resources */ = {
			isa = PBXResourcesBuildPhase;
			buildActionMask = 2147483647;
			files = (
				63CF01D01C7D26AE00496929 /* Assets.xcassets in Resources */,
			);
			runOnlyForDeploymentPostprocessing = 0;
		};
/* End PBXResourcesBuildPhase section */

/* Begin PBXSourcesBuildPhase section */
		63CF019D1C7D26AE00496929 /* Sources */ = {
			isa = PBXSourcesBuildPhase;
			buildActionMask = 2147483647;
			files = (
				63CF01A71C7D26AE00496929 /* ViewController.swift in Sources */,
				63CF01A51C7D26AE00496929 /* AppDelegate.swift in Sources */,
			);
			runOnlyForDeploymentPostprocessing = 0;
		};
		63CF01BE1C7D26AE00496929 /* Sources */ = {
			isa = PBXSourcesBuildPhase;
			buildActionMask = 2147483647;
			files = (
				63CF01CE1C7D26AE00496929 /* NotificationController.swift in Sources */,
				63CF01CC1C7D26AE00496929 /* ExtensionDelegate.swift in Sources */,
				63CF01CA1C7D26AE00496929 /* InterfaceController.swift in Sources */,
			);
			runOnlyForDeploymentPostprocessing = 0;
		};
/* End PBXSourcesBuildPhase section */

/* Begin PBXTargetDependency section */
		63CF01B61C7D26AE00496929 /* PBXTargetDependency */ = {
			isa = PBXTargetDependency;
			target = 63CF01B21C7D26AE00496929 /* WExample WatchKit App */;
			targetProxy = 63CF01B51C7D26AE00496929 /* PBXContainerItemProxy */;
		};
		63CF01C51C7D26AE00496929 /* PBXTargetDependency */ = {
			isa = PBXTargetDependency;
			target = 63CF01C11C7D26AE00496929 /* WExample WatchKit Extension */;
			targetProxy = 63CF01C41C7D26AE00496929 /* PBXContainerItemProxy */;
		};
/* End PBXTargetDependency section */

/* Begin PBXVariantGroup section */
		63CF01A81C7D26AE00496929 /* Main.storyboard */ = {
			isa = PBXVariantGroup;
			children = (
				63CF01A91C7D26AE00496929 /* Base */,
			);
			name = Main.storyboard;
			sourceTree = "<group>";
		};
		63CF01AD1C7D26AE00496929 /* LaunchScreen.storyboard */ = {
			isa = PBXVariantGroup;
			children = (
				63CF01AE1C7D26AE00496929 /* Base */,
			);
			name = LaunchScreen.storyboard;
			sourceTree = "<group>";
		};
		63CF01B81C7D26AE00496929 /* Interface.storyboard */ = {
			isa = PBXVariantGroup;
			children = (
				63CF01B91C7D26AE00496929 /* Base */,
			);
			name = Interface.storyboard;
			sourceTree = "<group>";
		};
/* End PBXVariantGroup section */

/* Begin XCBuildConfiguration section */
		63CF01D21C7D26AE00496929 /* Debug */ = {
			isa = XCBuildConfiguration;
			buildSettings = {
				ALWAYS_SEARCH_USER_PATHS = NO;
				CLANG_CXX_LANGUAGE_STANDARD = "gnu++0x";
				CLANG_CXX_LIBRARY = "libc++";
				CLANG_ENABLE_MODULES = YES;
				CLANG_ENABLE_OBJC_ARC = YES;
				CLANG_WARN_BOOL_CONVERSION = YES;
				CLANG_WARN_CONSTANT_CONVERSION = YES;
				CLANG_WARN_DIRECT_OBJC_ISA_USAGE = YES_ERROR;
				CLANG_WARN_EMPTY_BODY = YES;
				CLANG_WARN_ENUM_CONVERSION = YES;
				CLANG_WARN_INT_CONVERSION = YES;
				CLANG_WARN_OBJC_ROOT_CLASS = YES_ERROR;
				CLANG_WARN_UNREACHABLE_CODE = YES;
				CLANG_WARN__DUPLICATE_METHOD_MATCH = YES;
				"CODE_SIGN_IDENTITY[sdk=iphoneos*]" = "iPhone Developer";
				COPY_PHASE_STRIP = NO;
				DEBUG_INFORMATION_FORMAT = dwarf;
				ENABLE_STRICT_OBJC_MSGSEND = YES;
				ENABLE_TESTABILITY = YES;
				GCC_C_LANGUAGE_STANDARD = gnu99;
				GCC_DYNAMIC_NO_PIC = NO;
				GCC_NO_COMMON_BLOCKS = YES;
				GCC_OPTIMIZATION_LEVEL = 0;
				GCC_PREPROCESSOR_DEFINITIONS = (
					"DEBUG=1",
					"$(inherited)",
				);
				GCC_WARN_64_TO_32_BIT_CONVERSION = YES;
				GCC_WARN_ABOUT_RETURN_TYPE = YES_ERROR;
				GCC_WARN_UNDECLARED_SELECTOR = YES;
				GCC_WARN_UNINITIALIZED_AUTOS = YES_AGGRESSIVE;
				GCC_WARN_UNUSED_FUNCTION = YES;
				GCC_WARN_UNUSED_VARIABLE = YES;
				IPHONEOS_DEPLOYMENT_TARGET = 9.2;
				MTL_ENABLE_DEBUG_INFO = YES;
				ONLY_ACTIVE_ARCH = YES;
				SDKROOT = iphoneos;
				SWIFT_OPTIMIZATION_LEVEL = "-Onone";
			};
			name = Debug;
		};
		63CF01D31C7D26AE00496929 /* Release */ = {
			isa = XCBuildConfiguration;
			buildSettings = {
				ALWAYS_SEARCH_USER_PATHS = NO;
				CLANG_CXX_LANGUAGE_STANDARD = "gnu++0x";
				CLANG_CXX_LIBRARY = "libc++";
				CLANG_ENABLE_MODULES = YES;
				CLANG_ENABLE_OBJC_ARC = YES;
				CLANG_WARN_BOOL_CONVERSION = YES;
				CLANG_WARN_CONSTANT_CONVERSION = YES;
				CLANG_WARN_DIRECT_OBJC_ISA_USAGE = YES_ERROR;
				CLANG_WARN_EMPTY_BODY = YES;
				CLANG_WARN_ENUM_CONVERSION = YES;
				CLANG_WARN_INT_CONVERSION = YES;
				CLANG_WARN_OBJC_ROOT_CLASS = YES_ERROR;
				CLANG_WARN_UNREACHABLE_CODE = YES;
				CLANG_WARN__DUPLICATE_METHOD_MATCH = YES;
				"CODE_SIGN_IDENTITY[sdk=iphoneos*]" = "iPhone Developer";
				COPY_PHASE_STRIP = NO;
				DEBUG_INFORMATION_FORMAT = "dwarf-with-dsym";
				ENABLE_NS_ASSERTIONS = NO;
				ENABLE_STRICT_OBJC_MSGSEND = YES;
				GCC_C_LANGUAGE_STANDARD = gnu99;
				GCC_NO_COMMON_BLOCKS = YES;
				GCC_WARN_64_TO_32_BIT_CONVERSION = YES;
				GCC_WARN_ABOUT_RETURN_TYPE = YES_ERROR;
				GCC_WARN_UNDECLARED_SELECTOR = YES;
				GCC_WARN_UNINITIALIZED_AUTOS = YES_AGGRESSIVE;
				GCC_WARN_UNUSED_FUNCTION = YES;
				GCC_WARN_UNUSED_VARIABLE = YES;
				IPHONEOS_DEPLOYMENT_TARGET = 9.2;
				MTL_ENABLE_DEBUG_INFO = NO;
				SDKROOT = iphoneos;
				VALIDATE_PRODUCT = YES;
			};
			name = Release;
		};
		63CF01D51C7D26AE00496929 /* Debug */ = {
			isa = XCBuildConfiguration;
			buildSettings = {
				INFOPLIST_FILE = "WExample WatchKit Extension/Info.plist";
				LD_RUNPATH_SEARCH_PATHS = "$(inherited) @executable_path/Frameworks @executable_path/../../Frameworks";
				PRODUCT_BUNDLE_IDENTIFIER = com.toddperkins.WExample.watchkitapp.watchkitextension;
				PRODUCT_NAME = "${TARGET_NAME}";
				SDKROOT = watchos;
				SKIP_INSTALL = YES;
				TARGETED_DEVICE_FAMILY = 4;
				WATCHOS_DEPLOYMENT_TARGET = 2.1;
			};
			name = Debug;
		};
		63CF01D61C7D26AE00496929 /* Release */ = {
			isa = XCBuildConfiguration;
			buildSettings = {
				INFOPLIST_FILE = "WExample WatchKit Extension/Info.plist";
				LD_RUNPATH_SEARCH_PATHS = "$(inherited) @executable_path/Frameworks @executable_path/../../Frameworks";
				PRODUCT_BUNDLE_IDENTIFIER = com.toddperkins.WExample.watchkitapp.watchkitextension;
				PRODUCT_NAME = "${TARGET_NAME}";
				SDKROOT = watchos;
				SKIP_INSTALL = YES;
				TARGETED_DEVICE_FAMILY = 4;
				WATCHOS_DEPLOYMENT_TARGET = 2.1;
			};
			name = Release;
		};
		63CF01D91C7D26AE00496929 /* Debug */ = {
			isa = XCBuildConfiguration;
			buildSettings = {
				ASSETCATALOG_COMPILER_APPICON_NAME = AppIcon;
				EMBEDDED_CONTENT_CONTAINS_SWIFT = YES;
				IBSC_MODULE = WExample_WatchKit_Extension;
				INFOPLIST_FILE = "WExample WatchKit App/Info.plist";
				PRODUCT_BUNDLE_IDENTIFIER = com.toddperkins.WExample.watchkitapp;
				PRODUCT_NAME = "$(TARGET_NAME)";
				SDKROOT = watchos;
				SKIP_INSTALL = YES;
				TARGETED_DEVICE_FAMILY = 4;
				WATCHOS_DEPLOYMENT_TARGET = 2.1;
			};
			name = Debug;
		};
		63CF01DA1C7D26AE00496929 /* Release */ = {
			isa = XCBuildConfiguration;
			buildSettings = {
				ASSETCATALOG_COMPILER_APPICON_NAME = AppIcon;
				EMBEDDED_CONTENT_CONTAINS_SWIFT = YES;
				IBSC_MODULE = WExample_WatchKit_Extension;
				INFOPLIST_FILE = "WExample WatchKit App/Info.plist";
				PRODUCT_BUNDLE_IDENTIFIER = com.toddperkins.WExample.watchkitapp;
				PRODUCT_NAME = "$(TARGET_NAME)";
				SDKROOT = watchos;
				SKIP_INSTALL = YES;
				TARGETED_DEVICE_FAMILY = 4;
				WATCHOS_DEPLOYMENT_TARGET = 2.1;
			};
			name = Release;
		};
		63CF01DD1C7D26AE00496929 /* Debug */ = {
			isa = XCBuildConfiguration;
			buildSettings = {
				ASSETCATALOG_COMPILER_APPICON_NAME = AppIcon;
				INFOPLIST_FILE = WExample/Info.plist;
				LD_RUNPATH_SEARCH_PATHS = "$(inherited) @executable_path/Frameworks";
				PRODUCT_BUNDLE_IDENTIFIER = com.toddperkins.WExample;
				PRODUCT_NAME = "$(TARGET_NAME)";
			};
			name = Debug;
		};
		63CF01DE1C7D26AE00496929 /* Release */ = {
			isa = XCBuildConfiguration;
			buildSettings = {
				ASSETCATALOG_COMPILER_APPICON_NAME = AppIcon;
				INFOPLIST_FILE = WExample/Info.plist;
				LD_RUNPATH_SEARCH_PATHS = "$(inherited) @executable_path/Frameworks";
				PRODUCT_BUNDLE_IDENTIFIER = com.toddperkins.WExample;
				PRODUCT_NAME = "$(TARGET_NAME)";
			};
			name = Release;
		};
/* End XCBuildConfiguration section */

/* Begin XCConfigurationList section */
		63CF019C1C7D26AE00496929 /* Build configuration list for PBXProject "WExample" */ = {
			isa = XCConfigurationList;
			buildConfigurations = (
				63CF01D21C7D26AE00496929 /* Debug */,
				63CF01D31C7D26AE00496929 /* Release */,
			);
			defaultConfigurationIsVisible = 0;
			defaultConfigurationName = Release;
		};
		63CF01D41C7D26AE00496929 /* Build configuration list for PBXNativeTarget "WExample WatchKit Extension" */ = {
			isa = XCConfigurationList;
			buildConfigurations = (
				63CF01D51C7D26AE00496929 /* Debug */,
				63CF01D61C7D26AE00496929 /* Release */,
			);
			defaultConfigurationIsVisible = 0;
		};
		63CF01D81C7D26AE00496929 /* Build configuration list for PBXNativeTarget "WExample WatchKit App" */ = {
			isa = XCConfigurationList;
			buildConfigurations = (
				63CF01D91C7D26AE00496929 /* Debug */,
				63CF01DA1C7D26AE00496929 /* Release */,
			);
			defaultConfigurationIsVisible = 0;
		};
		63CF01DC1C7D26AE00496929 /* Build configuration list for PBXNativeTarget "WExample" */ = {
			isa = XCConfigurationList;
			buildConfigurations = (
				63CF01DD1C7D26AE00496929 /* Debug */,
				63CF01DE1C7D26AE00496929 /* Release */,
			);
			defaultConfigurationIsVisible = 0;
		};
/* End XCConfigurationList section */
	};
	rootObject = 63CF01991C7D26AE00496929 /* Project object */;
}
