// !$*UTF8*$!
{
	archiveVersion = 1;
	classes = {
	};
	objectVersion = 46;
	objects = {

/* Begin PBXBuildFile section */
		63E2063B1BBC3F3300DE93C1 /* main.m in Sources */ = {isa = PBXBuildFile; fileRef = 63E2063A1BBC3F3300DE93C1 /* main.m */; };
		63E2063E1BBC3F3300DE93C1 /* AppDelegate.m in Sources */ = {isa = PBXBuildFile; fileRef = 63E2063D1BBC3F3300DE93C1 /* AppDelegate.m */; };
		63E206411BBC3F3300DE93C1 /* ViewController.m in Sources */ = {isa = PBXBuildFile; fileRef = 63E206401BBC3F3300DE93C1 /* ViewController.m */; };
		63E206441BBC3F3300DE93C1 /* Main.storyboard in Resources */ = {isa = PBXBuildFile; fileRef = 63E206421BBC3F3300DE93C1 /* Main.storyboard */; };
		63E206461BBC3F3300DE93C1 /* Assets.xcassets in Resources */ = {isa = PBXBuildFile; fileRef = 63E206451BBC3F3300DE93C1 /* Assets.xcassets */; };
		63E206491BBC3F3300DE93C1 /* LaunchScreen.storyboard in Resources */ = {isa = PBXBuildFile; fileRef = 63E206471BBC3F3300DE93C1 /* LaunchScreen.storyboard */; };
		63E206541BBC3F3300DE93C1 /* AnalyzeTests.m in Sources */ = {isa = PBXBuildFile; fileRef = 63E206531BBC3F3300DE93C1 /* AnalyzeTests.m */; };
		63E2065F1BBC3F3300DE93C1 /* AnalyzeUITests.m in Sources */ = {isa = PBXBuildFile; fileRef = 63E2065E1BBC3F3300DE93C1 /* AnalyzeUITests.m */; };
/* End PBXBuildFile section */

/* Begin PBXContainerItemProxy section */
		63E206501BBC3F3300DE93C1 /* PBXContainerItemProxy */ = {
			isa = PBXContainerItemProxy;
			containerPortal = 63E2062E1BBC3F3300DE93C1 /* Project object */;
			proxyType = 1;
			remoteGlobalIDString = 63E206351BBC3F3300DE93C1;
			remoteInfo = Analyze;
		};
		63E2065B1BBC3F3300DE93C1 /* PBXContainerItemProxy */ = {
			isa = PBXContainerItemProxy;
			containerPortal = 63E2062E1BBC3F3300DE93C1 /* Project object */;
			proxyType = 1;
			remoteGlobalIDString = 63E206351BBC3F3300DE93C1;
			remoteInfo = Analyze;
		};
/* End PBXContainerItemProxy section */

/* Begin PBXFileReference section */
		63E206361BBC3F3300DE93C1 /* Analyze.app */ = {isa = PBXFileReference; explicitFileType = wrapper.application; includeInIndex = 0; path = Analyze.app; sourceTree = BUILT_PRODUCTS_DIR; };
		63E2063A1BBC3F3300DE93C1 /* main.m */ = {isa = PBXFileReference; lastKnownFileType = sourcecode.c.objc; path = main.m; sourceTree = "<group>"; };
		63E2063C1BBC3F3300DE93C1 /* AppDelegate.h */ = {isa = PBXFileReference; lastKnownFileType = sourcecode.c.h; path = AppDelegate.h; sourceTree = "<group>"; };
		63E2063D1BBC3F3300DE93C1 /* AppDelegate.m */ = {isa = PBXFileReference; lastKnownFileType = sourcecode.c.objc; path = AppDelegate.m; sourceTree = "<group>"; };
		63E2063F1BBC3F3300DE93C1 /* ViewController.h */ = {isa = PBXFileReference; lastKnownFileType = sourcecode.c.h; path = ViewController.h; sourceTree = "<group>"; };
		63E206401BBC3F3300DE93C1 /* ViewController.m */ = {isa = PBXFileReference; lastKnownFileType = sourcecode.c.objc; path = ViewController.m; sourceTree = "<group>"; };
		63E206431BBC3F3300DE93C1 /* Base */ = {isa = PBXFileReference; lastKnownFileType = file.storyboard; name = Base; path = Base.lproj/Main.storyboard; sourceTree = "<group>"; };
		63E206451BBC3F3300DE93C1 /* Assets.xcassets */ = {isa = PBXFileReference; lastKnownFileType = folder.assetcatalog; path = Assets.xcassets; sourceTree = "<group>"; };
		63E206481BBC3F3300DE93C1 /* Base */ = {isa = PBXFileReference; lastKnownFileType = file.storyboard; name = Base; path = Base.lproj/LaunchScreen.storyboard; sourceTree = "<group>"; };
		63E2064A1BBC3F3300DE93C1 /* Info.plist */ = {isa = PBXFileReference; lastKnownFileType = text.plist.xml; path = Info.plist; sourceTree = "<group>"; };
		63E2064F1BBC3F3300DE93C1 /* AnalyzeTests.xctest */ = {isa = PBXFileReference; explicitFileType = wrapper.cfbundle; includeInIndex = 0; path = AnalyzeTests.xctest; sourceTree = BUILT_PRODUCTS_DIR; };
		63E206531BBC3F3300DE93C1 /* AnalyzeTests.m */ = {isa = PBXFileReference; lastKnownFileType = sourcecode.c.objc; path = AnalyzeTests.m; sourceTree = "<group>"; };
		63E206551BBC3F3300DE93C1 /* Info.plist */ = {isa = PBXFileReference; lastKnownFileType = text.plist.xml; path = Info.plist; sourceTree = "<group>"; };
		63E2065A1BBC3F3300DE93C1 /* AnalyzeUITests.xctest */ = {isa = PBXFileReference; explicitFileType = wrapper.cfbundle; includeInIndex = 0; path = AnalyzeUITests.xctest; sourceTree = BUILT_PRODUCTS_DIR; };
		63E2065E1BBC3F3300DE93C1 /* AnalyzeUITests.m */ = {isa = PBXFileReference; lastKnownFileType = sourcecode.c.objc; path = AnalyzeUITests.m; sourceTree = "<group>"; };
		63E206601BBC3F3300DE93C1 /* Info.plist */ = {isa = PBXFileReference; lastKnownFileType = text.plist.xml; path = Info.plist; sourceTree = "<group>"; };
/* End PBXFileReference section */

/* Begin PBXFrameworksBuildPhase section */
		63E206331BBC3F3300DE93C1 /* Frameworks */ = {
			isa = PBXFrameworksBuildPhase;
			buildActionMask = 2147483647;
			files = (
			);
			runOnlyForDeploymentPostprocessing = 0;
		};
		63E2064C1BBC3F3300DE93C1 /* Frameworks */ = {
			isa = PBXFrameworksBuildPhase;
			buildActionMask = 2147483647;
			files = (
			);
			runOnlyForDeploymentPostprocessing = 0;
		};
		63E206571BBC3F3300DE93C1 /* Frameworks */ = {
			isa = PBXFrameworksBuildPhase;
			buildActionMask = 2147483647;
			files = (
			);
			runOnlyForDeploymentPostprocessing = 0;
		};
/* End PBXFrameworksBuildPhase section */

/* Begin PBXGroup section */
		63E2062D1BBC3F3300DE93C1 = {
			isa = PBXGroup;
			children = (
				63E206381BBC3F3300DE93C1 /* Analyze */,
				63E206521BBC3F3300DE93C1 /* AnalyzeTests */,
				63E2065D1BBC3F3300DE93C1 /* AnalyzeUITests */,
				63E206371BBC3F3300DE93C1 /* Products */,
			);
			sourceTree = "<group>";
		};
		63E206371BBC3F3300DE93C1 /* Products */ = {
			isa = PBXGroup;
			children = (
				63E206361BBC3F3300DE93C1 /* Analyze.app */,
				63E2064F1BBC3F3300DE93C1 /* AnalyzeTests.xctest */,
				63E2065A1BBC3F3300DE93C1 /* AnalyzeUITests.xctest */,
			);
			name = Products;
			sourceTree = "<group>";
		};
		63E206381BBC3F3300DE93C1 /* Analyze */ = {
			isa = PBXGroup;
			children = (
				63E2063C1BBC3F3300DE93C1 /* AppDelegate.h */,
				63E2063D1BBC3F3300DE93C1 /* AppDelegate.m */,
				63E2063F1BBC3F3300DE93C1 /* ViewController.h */,
				63E206401BBC3F3300DE93C1 /* ViewController.m */,
				63E206421BBC3F3300DE93C1 /* Main.storyboard */,
				63E206451BBC3F3300DE93C1 /* Assets.xcassets */,
				63E206471BBC3F3300DE93C1 /* LaunchScreen.storyboard */,
				63E2064A1BBC3F3300DE93C1 /* Info.plist */,
				63E206391BBC3F3300DE93C1 /* Supporting Files */,
			);
			path = Analyze;
			sourceTree = "<group>";
		};
		63E206391BBC3F3300DE93C1 /* Supporting Files */ = {
			isa = PBXGroup;
			children = (
				63E2063A1BBC3F3300DE93C1 /* main.m */,
			);
			name = "Supporting Files";
			sourceTree = "<group>";
		};
		63E206521BBC3F3300DE93C1 /* AnalyzeTests */ = {
			isa = PBXGroup;
			children = (
				63E206531BBC3F3300DE93C1 /* AnalyzeTests.m */,
				63E206551BBC3F3300DE93C1 /* Info.plist */,
			);
			path = AnalyzeTests;
			sourceTree = "<group>";
		};
		63E2065D1BBC3F3300DE93C1 /* AnalyzeUITests */ = {
			isa = PBXGroup;
			children = (
				63E2065E1BBC3F3300DE93C1 /* AnalyzeUITests.m */,
				63E206601BBC3F3300DE93C1 /* Info.plist */,
			);
			path = AnalyzeUITests;
			sourceTree = "<group>";
		};
/* End PBXGroup section */

/* Begin PBXNativeTarget section */
		63E206351BBC3F3300DE93C1 /* Analyze */ = {
			isa = PBXNativeTarget;
			buildConfigurationList = 63E206631BBC3F3300DE93C1 /* Build configuration list for PBXNativeTarget "Analyze" */;
			buildPhases = (
				63E206321BBC3F3300DE93C1 /* Sources */,
				63E206331BBC3F3300DE93C1 /* Frameworks */,
				63E206341BBC3F3300DE93C1 /* Resources */,
			);
			buildRules = (
			);
			dependencies = (
			);
			name = Analyze;
			productName = Analyze;
			productReference = 63E206361BBC3F3300DE93C1 /* Analyze.app */;
			productType = "com.apple.product-type.application";
		};
		63E2064E1BBC3F3300DE93C1 /* AnalyzeTests */ = {
			isa = PBXNativeTarget;
			buildConfigurationList = 63E206661BBC3F3300DE93C1 /* Build configuration list for PBXNativeTarget "AnalyzeTests" */;
			buildPhases = (
				63E2064B1BBC3F3300DE93C1 /* Sources */,
				63E2064C1BBC3F3300DE93C1 /* Frameworks */,
				63E2064D1BBC3F3300DE93C1 /* Resources */,
			);
			buildRules = (
			);
			dependencies = (
				63E206511BBC3F3300DE93C1 /* PBXTargetDependency */,
			);
			name = AnalyzeTests;
			productName = AnalyzeTests;
			productReference = 63E2064F1BBC3F3300DE93C1 /* AnalyzeTests.xctest */;
			productType = "com.apple.product-type.bundle.unit-test";
		};
		63E206591BBC3F3300DE93C1 /* AnalyzeUITests */ = {
			isa = PBXNativeTarget;
			buildConfigurationList = 63E206691BBC3F3300DE93C1 /* Build configuration list for PBXNativeTarget "AnalyzeUITests" */;
			buildPhases = (
				63E206561BBC3F3300DE93C1 /* Sources */,
				63E206571BBC3F3300DE93C1 /* Frameworks */,
				63E206581BBC3F3300DE93C1 /* Resources */,
			);
			buildRules = (
			);
			dependencies = (
				63E2065C1BBC3F3300DE93C1 /* PBXTargetDependency */,
			);
			name = AnalyzeUITests;
			productName = AnalyzeUITests;
			productReference = 63E2065A1BBC3F3300DE93C1 /* AnalyzeUITests.xctest */;
			productType = "com.apple.product-type.bundle.ui-testing";
		};
/* End PBXNativeTarget section */

/* Begin PBXProject section */
		63E2062E1BBC3F3300DE93C1 /* Project object */ = {
			isa = PBXProject;
			attributes = {
				LastUpgradeCheck = 0700;
				ORGANIZATIONNAME = LDC;
				TargetAttributes = {
					63E206351BBC3F3300DE93C1 = {
						CreatedOnToolsVersion = 7.0;
					};
					63E2064E1BBC3F3300DE93C1 = {
						CreatedOnToolsVersion = 7.0;
						TestTargetID = 63E206351BBC3F3300DE93C1;
					};
					63E206591BBC3F3300DE93C1 = {
						CreatedOnToolsVersion = 7.0;
						TestTargetID = 63E206351BBC3F3300DE93C1;
					};
				};
			};
			buildConfigurationList = 63E206311BBC3F3300DE93C1 /* Build configuration list for PBXProject "Analyze" */;
			compatibilityVersion = "Xcode 3.2";
			developmentRegion = English;
			hasScannedForEncodings = 0;
			knownRegions = (
				en,
				Base,
			);
			mainGroup = 63E2062D1BBC3F3300DE93C1;
			productRefGroup = 63E206371BBC3F3300DE93C1 /* Products */;
			projectDirPath = "";
			projectRoot = "";
			targets = (
				63E206351BBC3F3300DE93C1 /* Analyze */,
				63E2064E1BBC3F3300DE93C1 /* AnalyzeTests */,
				63E206591BBC3F3300DE93C1 /* AnalyzeUITests */,
			);
		};
/* End PBXProject section */

/* Begin PBXResourcesBuildPhase section */
		63E206341BBC3F3300DE93C1 /* Resources */ = {
			isa = PBXResourcesBuildPhase;
			buildActionMask = 2147483647;
			files = (
				63E206491BBC3F3300DE93C1 /* LaunchScreen.storyboard in Resources */,
				63E206461BBC3F3300DE93C1 /* Assets.xcassets in Resources */,
				63E206441BBC3F3300DE93C1 /* Main.storyboard in Resources */,
			);
			runOnlyForDeploymentPostprocessing = 0;
		};
		63E2064D1BBC3F3300DE93C1 /* Resources */ = {
			isa = PBXResourcesBuildPhase;
			buildActionMask = 2147483647;
			files = (
			);
			runOnlyForDeploymentPostprocessing = 0;
		};
		63E206581BBC3F3300DE93C1 /* Resources */ = {
			isa = PBXResourcesBuildPhase;
			buildActionMask = 2147483647;
			files = (
			);
			runOnlyForDeploymentPostprocessing = 0;
		};
/* End PBXResourcesBuildPhase section */

/* Begin PBXSourcesBuildPhase section */
		63E206321BBC3F3300DE93C1 /* Sources */ = {
			isa = PBXSourcesBuildPhase;
			buildActionMask = 2147483647;
			files = (
				63E206411BBC3F3300DE93C1 /* ViewController.m in Sources */,
				63E2063E1BBC3F3300DE93C1 /* AppDelegate.m in Sources */,
				63E2063B1BBC3F3300DE93C1 /* main.m in Sources */,
			);
			runOnlyForDeploymentPostprocessing = 0;
		};
		63E2064B1BBC3F3300DE93C1 /* Sources */ = {
			isa = PBXSourcesBuildPhase;
			buildActionMask = 2147483647;
			files = (
				63E206541BBC3F3300DE93C1 /* AnalyzeTests.m in Sources */,
			);
			runOnlyForDeploymentPostprocessing = 0;
		};
		63E206561BBC3F3300DE93C1 /* Sources */ = {
			isa = PBXSourcesBuildPhase;
			buildActionMask = 2147483647;
			files = (
				63E2065F1BBC3F3300DE93C1 /* AnalyzeUITests.m in Sources */,
			);
			runOnlyForDeploymentPostprocessing = 0;
		};
/* End PBXSourcesBuildPhase section */

/* Begin PBXTargetDependency section */
		63E206511BBC3F3300DE93C1 /* PBXTargetDependency */ = {
			isa = PBXTargetDependency;
			target = 63E206351BBC3F3300DE93C1 /* Analyze */;
			targetProxy = 63E206501BBC3F3300DE93C1 /* PBXContainerItemProxy */;
		};
		63E2065C1BBC3F3300DE93C1 /* PBXTargetDependency */ = {
			isa = PBXTargetDependency;
			target = 63E206351BBC3F3300DE93C1 /* Analyze */;
			targetProxy = 63E2065B1BBC3F3300DE93C1 /* PBXContainerItemProxy */;
		};
/* End PBXTargetDependency section */

/* Begin PBXVariantGroup section */
		63E206421BBC3F3300DE93C1 /* Main.storyboard */ = {
			isa = PBXVariantGroup;
			children = (
				63E206431BBC3F3300DE93C1 /* Base */,
			);
			name = Main.storyboard;
			sourceTree = "<group>";
		};
		63E206471BBC3F3300DE93C1 /* LaunchScreen.storyboard */ = {
			isa = PBXVariantGroup;
			children = (
				63E206481BBC3F3300DE93C1 /* Base */,
			);
			name = LaunchScreen.storyboard;
			sourceTree = "<group>";
		};
/* End PBXVariantGroup section */

/* Begin XCBuildConfiguration section */
		63E206611BBC3F3300DE93C1 /* Debug */ = {
			isa = XCBuildConfiguration;
			buildSettings = {
				ALWAYS_SEARCH_USER_PATHS = NO;
				CLANG_CXX_LANGUAGE_STANDARD = "gnu++0x";
				CLANG_CXX_LIBRARY = "libc++";
				CLANG_ENABLE_MODULES = YES;
				CLANG_ENABLE_OBJC_ARC = YES;
				CLANG_WARN_BOOL_CONVERSION = YES;
				CLANG_WARN_CONSTANT_CONVERSION = YES;
				CLANG_WARN_DIRECT_OBJC_ISA_USAGE = YES_ERROR;
				CLANG_WARN_EMPTY_BODY = YES;
				CLANG_WARN_ENUM_CONVERSION = YES;
				CLANG_WARN_INT_CONVERSION = YES;
				CLANG_WARN_OBJC_ROOT_CLASS = YES_ERROR;
				CLANG_WARN_UNREACHABLE_CODE = YES;
				CLANG_WARN__DUPLICATE_METHOD_MATCH = YES;
				"CODE_SIGN_IDENTITY[sdk=iphoneos*]" = "iPhone Developer";
				COPY_PHASE_STRIP = NO;
				DEBUG_INFORMATION_FORMAT = dwarf;
				ENABLE_STRICT_OBJC_MSGSEND = YES;
				ENABLE_TESTABILITY = YES;
				GCC_C_LANGUAGE_STANDARD = gnu99;
				GCC_DYNAMIC_NO_PIC = NO;
				GCC_NO_COMMON_BLOCKS = YES;
				GCC_OPTIMIZATION_LEVEL = 0;
				GCC_PREPROCESSOR_DEFINITIONS = (
					"DEBUG=1",
					"$(inherited)",
				);
				GCC_WARN_64_TO_32_BIT_CONVERSION = YES;
				GCC_WARN_ABOUT_RETURN_TYPE = YES_ERROR;
				GCC_WARN_UNDECLARED_SELECTOR = YES;
				GCC_WARN_UNINITIALIZED_AUTOS = YES_AGGRESSIVE;
				GCC_WARN_UNUSED_FUNCTION = YES;
				GCC_WARN_UNUSED_VARIABLE = YES;
				IPHONEOS_DEPLOYMENT_TARGET = 9.0;
				MTL_ENABLE_DEBUG_INFO = YES;
				ONLY_ACTIVE_ARCH = YES;
				SDKROOT = iphoneos;
			};
			name = Debug;
		};
		63E206621BBC3F3300DE93C1 /* Release */ = {
			isa = XCBuildConfiguration;
			buildSettings = {
				ALWAYS_SEARCH_USER_PATHS = NO;
				CLANG_CXX_LANGUAGE_STANDARD = "gnu++0x";
				CLANG_CXX_LIBRARY = "libc++";
				CLANG_ENABLE_MODULES = YES;
				CLANG_ENABLE_OBJC_ARC = YES;
				CLANG_WARN_BOOL_CONVERSION = YES;
				CLANG_WARN_CONSTANT_CONVERSION = YES;
				CLANG_WARN_DIRECT_OBJC_ISA_USAGE = YES_ERROR;
				CLANG_WARN_EMPTY_BODY = YES;
				CLANG_WARN_ENUM_CONVERSION = YES;
				CLANG_WARN_INT_CONVERSION = YES;
				CLANG_WARN_OBJC_ROOT_CLASS = YES_ERROR;
				CLANG_WARN_UNREACHABLE_CODE = YES;
				CLANG_WARN__DUPLICATE_METHOD_MATCH = YES;
				"CODE_SIGN_IDENTITY[sdk=iphoneos*]" = "iPhone Developer";
				COPY_PHASE_STRIP = NO;
				DEBUG_INFORMATION_FORMAT = "dwarf-with-dsym";
				ENABLE_NS_ASSERTIONS = NO;
				ENABLE_STRICT_OBJC_MSGSEND = YES;
				GCC_C_LANGUAGE_STANDARD = gnu99;
				GCC_NO_COMMON_BLOCKS = YES;
				GCC_WARN_64_TO_32_BIT_CONVERSION = YES;
				GCC_WARN_ABOUT_RETURN_TYPE = YES_ERROR;
				GCC_WARN_UNDECLARED_SELECTOR = YES;
				GCC_WARN_UNINITIALIZED_AUTOS = YES_AGGRESSIVE;
				GCC_WARN_UNUSED_FUNCTION = YES;
				GCC_WARN_UNUSED_VARIABLE = YES;
				IPHONEOS_DEPLOYMENT_TARGET = 9.0;
				MTL_ENABLE_DEBUG_INFO = NO;
				SDKROOT = iphoneos;
				VALIDATE_PRODUCT = YES;
			};
			name = Release;
		};
		63E206641BBC3F3300DE93C1 /* Debug */ = {
			isa = XCBuildConfiguration;
			buildSettings = {
				ASSETCATALOG_COMPILER_APPICON_NAME = AppIcon;
				INFOPLIST_FILE = Analyze/Info.plist;
				LD_RUNPATH_SEARCH_PATHS = "$(inherited) @executable_path/Frameworks";
				PRODUCT_BUNDLE_IDENTIFIER = com.toddperkins.Analyze;
				PRODUCT_NAME = "$(TARGET_NAME)";
			};
			name = Debug;
		};
		63E206651BBC3F3300DE93C1 /* Release */ = {
			isa = XCBuildConfiguration;
			buildSettings = {
				ASSETCATALOG_COMPILER_APPICON_NAME = AppIcon;
				INFOPLIST_FILE = Analyze/Info.plist;
				LD_RUNPATH_SEARCH_PATHS = "$(inherited) @executable_path/Frameworks";
				PRODUCT_BUNDLE_IDENTIFIER = com.toddperkins.Analyze;
				PRODUCT_NAME = "$(TARGET_NAME)";
			};
			name = Release;
		};
		63E206671BBC3F3300DE93C1 /* Debug */ = {
			isa = XCBuildConfiguration;
			buildSettings = {
				BUNDLE_LOADER = "$(TEST_HOST)";
				INFOPLIST_FILE = AnalyzeTests/Info.plist;
				LD_RUNPATH_SEARCH_PATHS = "$(inherited) @executable_path/Frameworks @loader_path/Frameworks";
				PRODUCT_BUNDLE_IDENTIFIER = com.toddperkins.AnalyzeTests;
				PRODUCT_NAME = "$(TARGET_NAME)";
				TEST_HOST = "$(BUILT_PRODUCTS_DIR)/Analyze.app/Analyze";
			};
			name = Debug;
		};
		63E206681BBC3F3300DE93C1 /* Release */ = {
			isa = XCBuildConfiguration;
			buildSettings = {
				BUNDLE_LOADER = "$(TEST_HOST)";
				INFOPLIST_FILE = AnalyzeTests/Info.plist;
				LD_RUNPATH_SEARCH_PATHS = "$(inherited) @executable_path/Frameworks @loader_path/Frameworks";
				PRODUCT_BUNDLE_IDENTIFIER = com.toddperkins.AnalyzeTests;
				PRODUCT_NAME = "$(TARGET_NAME)";
				TEST_HOST = "$(BUILT_PRODUCTS_DIR)/Analyze.app/Analyze";
			};
			name = Release;
		};
		63E2066A1BBC3F3300DE93C1 /* Debug */ = {
			isa = XCBuildConfiguration;
			buildSettings = {
				INFOPLIST_FILE = AnalyzeUITests/Info.plist;
				LD_RUNPATH_SEARCH_PATHS = "$(inherited) @executable_path/Frameworks @loader_path/Frameworks";
				PRODUCT_BUNDLE_IDENTIFIER = com.toddperkins.AnalyzeUITests;
				PRODUCT_NAME = "$(TARGET_NAME)";
				TEST_TARGET_NAME = Analyze;
				USES_XCTRUNNER = YES;
			};
			name = Debug;
		};
		63E2066B1BBC3F3300DE93C1 /* Release */ = {
			isa = XCBuildConfiguration;
			buildSettings = {
				INFOPLIST_FILE = AnalyzeUITests/Info.plist;
				LD_RUNPATH_SEARCH_PATHS = "$(inherited) @executable_path/Frameworks @loader_path/Frameworks";
				PRODUCT_BUNDLE_IDENTIFIER = com.toddperkins.AnalyzeUITests;
				PRODUCT_NAME = "$(TARGET_NAME)";
				TEST_TARGET_NAME = Analyze;
				USES_XCTRUNNER = YES;
			};
			name = Release;
		};
/* End XCBuildConfiguration section */

/* Begin XCConfigurationList section */
		63E206311BBC3F3300DE93C1 /* Build configuration list for PBXProject "Analyze" */ = {
			isa = XCConfigurationList;
			buildConfigurations = (
				63E206611BBC3F3300DE93C1 /* Debug */,
				63E206621BBC3F3300DE93C1 /* Release */,
			);
			defaultConfigurationIsVisible = 0;
			defaultConfigurationName = Release;
		};
		63E206631BBC3F3300DE93C1 /* Build configuration list for PBXNativeTarget "Analyze" */ = {
			isa = XCConfigurationList;
			buildConfigurations = (
				63E206641BBC3F3300DE93C1 /* Debug */,
				63E206651BBC3F3300DE93C1 /* Release */,
			);
			defaultConfigurationIsVisible = 0;
		};
		63E206661BBC3F3300DE93C1 /* Build configuration list for PBXNativeTarget "AnalyzeTests" */ = {
			isa = XCConfigurationList;
			buildConfigurations = (
				63E206671BBC3F3300DE93C1 /* Debug */,
				63E206681BBC3F3300DE93C1 /* Release */,
			);
			defaultConfigurationIsVisible = 0;
		};
		63E206691BBC3F3300DE93C1 /* Build configuration list for PBXNativeTarget "AnalyzeUITests" */ = {
			isa = XCConfigurationList;
			buildConfigurations = (
				63E2066A1BBC3F3300DE93C1 /* Debug */,
				63E2066B1BBC3F3300DE93C1 /* Release */,
			);
			defaultConfigurationIsVisible = 0;
		};
/* End XCConfigurationList section */
	};
	rootObject = 63E2062E1BBC3F3300DE93C1 /* Project object */;
}
