// !$*UTF8*$!
{
	archiveVersion = 1;
	classes = {
	};
	objectVersion = 46;
	objects = {

/* Begin PBXBuildFile section */
		6374A2DE1C7D1B7D00C60E80 /* AppDelegate.swift in Sources */ = {isa = PBXBuildFile; fileRef = 6374A2DD1C7D1B7D00C60E80 /* AppDelegate.swift */; };
		6374A2E01C7D1B7D00C60E80 /* MasterViewController.swift in Sources */ = {isa = PBXBuildFile; fileRef = 6374A2DF1C7D1B7D00C60E80 /* MasterViewController.swift */; };
		6374A2E21C7D1B7D00C60E80 /* DetailViewController.swift in Sources */ = {isa = PBXBuildFile; fileRef = 6374A2E11C7D1B7D00C60E80 /* DetailViewController.swift */; };
		6374A2E51C7D1B7D00C60E80 /* Main.storyboard in Resources */ = {isa = PBXBuildFile; fileRef = 6374A2E31C7D1B7D00C60E80 /* Main.storyboard */; };
		6374A2E71C7D1B7D00C60E80 /* Assets.xcassets in Resources */ = {isa = PBXBuildFile; fileRef = 6374A2E61C7D1B7D00C60E80 /* Assets.xcassets */; };
		6374A2EA1C7D1B7D00C60E80 /* LaunchScreen.storyboard in Resources */ = {isa = PBXBuildFile; fileRef = 6374A2E81C7D1B7D00C60E80 /* LaunchScreen.storyboard */; };
/* End PBXBuildFile section */

/* Begin PBXFileReference section */
		6374A2DA1C7D1B7D00C60E80 /* Split.app */ = {isa = PBXFileReference; explicitFileType = wrapper.application; includeInIndex = 0; path = Split.app; sourceTree = BUILT_PRODUCTS_DIR; };
		6374A2DD1C7D1B7D00C60E80 /* AppDelegate.swift */ = {isa = PBXFileReference; lastKnownFileType = sourcecode.swift; path = AppDelegate.swift; sourceTree = "<group>"; };
		6374A2DF1C7D1B7D00C60E80 /* MasterViewController.swift */ = {isa = PBXFileReference; lastKnownFileType = sourcecode.swift; path = MasterViewController.swift; sourceTree = "<group>"; };
		6374A2E11C7D1B7D00C60E80 /* DetailViewController.swift */ = {isa = PBXFileReference; lastKnownFileType = sourcecode.swift; path = DetailViewController.swift; sourceTree = "<group>"; };
		6374A2E41C7D1B7D00C60E80 /* Base */ = {isa = PBXFileReference; lastKnownFileType = file.storyboard; name = Base; path = Base.lproj/Main.storyboard; sourceTree = "<group>"; };
		6374A2E61C7D1B7D00C60E80 /* Assets.xcassets */ = {isa = PBXFileReference; lastKnownFileType = folder.assetcatalog; path = Assets.xcassets; sourceTree = "<group>"; };
		6374A2E91C7D1B7D00C60E80 /* Base */ = {isa = PBXFileReference; lastKnownFileType = file.storyboard; name = Base; path = Base.lproj/LaunchScreen.storyboard; sourceTree = "<group>"; };
		6374A2EB1C7D1B7D00C60E80 /* Info.plist */ = {isa = PBXFileReference; lastKnownFileType = text.plist.xml; path = Info.plist; sourceTree = "<group>"; };
/* End PBXFileReference section */

/* Begin PBXFrameworksBuildPhase section */
		6374A2D71C7D1B7D00C60E80 /* Frameworks */ = {
			isa = PBXFrameworksBuildPhase;
			buildActionMask = 2147483647;
			files = (
			);
			runOnlyForDeploymentPostprocessing = 0;
		};
/* End PBXFrameworksBuildPhase section */

/* Begin PBXGroup section */
		6374A2D11C7D1B7D00C60E80 = {
			isa = PBXGroup;
			children = (
				6374A2DC1C7D1B7D00C60E80 /* Split */,
				6374A2DB1C7D1B7D00C60E80 /* Products */,
			);
			sourceTree = "<group>";
		};
		6374A2DB1C7D1B7D00C60E80 /* Products */ = {
			isa = PBXGroup;
			children = (
				6374A2DA1C7D1B7D00C60E80 /* Split.app */,
			);
			name = Products;
			sourceTree = "<group>";
		};
		6374A2DC1C7D1B7D00C60E80 /* Split */ = {
			isa = PBXGroup;
			children = (
				6374A2DD1C7D1B7D00C60E80 /* AppDelegate.swift */,
				6374A2DF1C7D1B7D00C60E80 /* MasterViewController.swift */,
				6374A2E11C7D1B7D00C60E80 /* DetailViewController.swift */,
				6374A2E31C7D1B7D00C60E80 /* Main.storyboard */,
				6374A2E61C7D1B7D00C60E80 /* Assets.xcassets */,
				6374A2E81C7D1B7D00C60E80 /* LaunchScreen.storyboard */,
				6374A2EB1C7D1B7D00C60E80 /* Info.plist */,
			);
			path = Split;
			sourceTree = "<group>";
		};
/* End PBXGroup section */

/* Begin PBXNativeTarget section */
		6374A2D91C7D1B7D00C60E80 /* Split */ = {
			isa = PBXNativeTarget;
			buildConfigurationList = 6374A2EE1C7D1B7D00C60E80 /* Build configuration list for PBXNativeTarget "Split" */;
			buildPhases = (
				6374A2D61C7D1B7D00C60E80 /* Sources */,
				6374A2D71C7D1B7D00C60E80 /* Frameworks */,
				6374A2D81C7D1B7D00C60E80 /* Resources */,
			);
			buildRules = (
			);
			dependencies = (
			);
			name = Split;
			productName = Split;
			productReference = 6374A2DA1C7D1B7D00C60E80 /* Split.app */;
			productType = "com.apple.product-type.application";
		};
/* End PBXNativeTarget section */

/* Begin PBXProject section */
		6374A2D21C7D1B7D00C60E80 /* Project object */ = {
			isa = PBXProject;
			attributes = {
				LastSwiftUpdateCheck = 0720;
				LastUpgradeCheck = 0720;
				ORGANIZATIONNAME = LDC;
				TargetAttributes = {
					6374A2D91C7D1B7D00C60E80 = {
						CreatedOnToolsVersion = 7.2.1;
					};
				};
			};
			buildConfigurationList = 6374A2D51C7D1B7D00C60E80 /* Build configuration list for PBXProject "Split" */;
			compatibilityVersion = "Xcode 3.2";
			developmentRegion = English;
			hasScannedForEncodings = 0;
			knownRegions = (
				en,
				Base,
			);
			mainGroup = 6374A2D11C7D1B7D00C60E80;
			productRefGroup = 6374A2DB1C7D1B7D00C60E80 /* Products */;
			projectDirPath = "";
			projectRoot = "";
			targets = (
				6374A2D91C7D1B7D00C60E80 /* Split */,
			);
		};
/* End PBXProject section */

/* Begin PBXResourcesBuildPhase section */
		6374A2D81C7D1B7D00C60E80 /* Resources */ = {
			isa = PBXResourcesBuildPhase;
			buildActionMask = 2147483647;
			files = (
				6374A2EA1C7D1B7D00C60E80 /* LaunchScreen.storyboard in Resources */,
				6374A2E71C7D1B7D00C60E80 /* Assets.xcassets in Resources */,
				6374A2E51C7D1B7D00C60E80 /* Main.storyboard in Resources */,
			);
			runOnlyForDeploymentPostprocessing = 0;
		};
/* End PBXResourcesBuildPhase section */

/* Begin PBXSourcesBuildPhase section */
		6374A2D61C7D1B7D00C60E80 /* Sources */ = {
			isa = PBXSourcesBuildPhase;
			buildActionMask = 2147483647;
			files = (
				6374A2E21C7D1B7D00C60E80 /* DetailViewController.swift in Sources */,
				6374A2E01C7D1B7D00C60E80 /* MasterViewController.swift in Sources */,
				6374A2DE1C7D1B7D00C60E80 /* AppDelegate.swift in Sources */,
			);
			runOnlyForDeploymentPostprocessing = 0;
		};
/* End PBXSourcesBuildPhase section */

/* Begin PBXVariantGroup section */
		6374A2E31C7D1B7D00C60E80 /* Main.storyboard */ = {
			isa = PBXVariantGroup;
			children = (
				6374A2E41C7D1B7D00C60E80 /* Base */,
			);
			name = Main.storyboard;
			sourceTree = "<group>";
		};
		6374A2E81C7D1B7D00C60E80 /* LaunchScreen.storyboard */ = {
			isa = PBXVariantGroup;
			children = (
				6374A2E91C7D1B7D00C60E80 /* Base */,
			);
			name = LaunchScreen.storyboard;
			sourceTree = "<group>";
		};
/* End PBXVariantGroup section */

/* Begin XCBuildConfiguration section */
		6374A2EC1C7D1B7D00C60E80 /* Debug */ = {
			isa = XCBuildConfiguration;
			buildSettings = {
				ALWAYS_SEARCH_USER_PATHS = NO;
				CLANG_CXX_LANGUAGE_STANDARD = "gnu++0x";
				CLANG_CXX_LIBRARY = "libc++";
				CLANG_ENABLE_MODULES = YES;
				CLANG_ENABLE_OBJC_ARC = YES;
				CLANG_WARN_BOOL_CONVERSION = YES;
				CLANG_WARN_CONSTANT_CONVERSION = YES;
				CLANG_WARN_DIRECT_OBJC_ISA_USAGE = YES_ERROR;
				CLANG_WARN_EMPTY_BODY = YES;
				CLANG_WARN_ENUM_CONVERSION = YES;
				CLANG_WARN_INT_CONVERSION = YES;
				CLANG_WARN_OBJC_ROOT_CLASS = YES_ERROR;
				CLANG_WARN_UNREACHABLE_CODE = YES;
				CLANG_WARN__DUPLICATE_METHOD_MATCH = YES;
				"CODE_SIGN_IDENTITY[sdk=iphoneos*]" = "iPhone Developer";
				COPY_PHASE_STRIP = NO;
				DEBUG_INFORMATION_FORMAT = dwarf;
				ENABLE_STRICT_OBJC_MSGSEND = YES;
				ENABLE_TESTABILITY = YES;
				GCC_C_LANGUAGE_STANDARD = gnu99;
				GCC_DYNAMIC_NO_PIC = NO;
				GCC_NO_COMMON_BLOCKS = YES;
				GCC_OPTIMIZATION_LEVEL = 0;
				GCC_PREPROCESSOR_DEFINITIONS = (
					"DEBUG=1",
					"$(inherited)",
				);
				GCC_WARN_64_TO_32_BIT_CONVERSION = YES;
				GCC_WARN_ABOUT_RETURN_TYPE = YES_ERROR;
				GCC_WARN_UNDECLARED_SELECTOR = YES;
				GCC_WARN_UNINITIALIZED_AUTOS = YES_AGGRESSIVE;
				GCC_WARN_UNUSED_FUNCTION = YES;
				GCC_WARN_UNUSED_VARIABLE = YES;
				IPHONEOS_DEPLOYMENT_TARGET = 9.2;
				MTL_ENABLE_DEBUG_INFO = YES;
				ONLY_ACTIVE_ARCH = YES;
				SDKROOT = iphoneos;
				SWIFT_OPTIMIZATION_LEVEL = "-Onone";
				TARGETED_DEVICE_FAMILY = "1,2";
			};
			name = Debug;
		};
		6374A2ED1C7D1B7D00C60E80 /* Release */ = {
			isa = XCBuildConfiguration;
			buildSettings = {
				ALWAYS_SEARCH_USER_PATHS = NO;
				CLANG_CXX_LANGUAGE_STANDARD = "gnu++0x";
				CLANG_CXX_LIBRARY = "libc++";
				CLANG_ENABLE_MODULES = YES;
				CLANG_ENABLE_OBJC_ARC = YES;
				CLANG_WARN_BOOL_CONVERSION = YES;
				CLANG_WARN_CONSTANT_CONVERSION = YES;
				CLANG_WARN_DIRECT_OBJC_ISA_USAGE = YES_ERROR;
				CLANG_WARN_EMPTY_BODY = YES;
				CLANG_WARN_ENUM_CONVERSION = YES;
				CLANG_WARN_INT_CONVERSION = YES;
				CLANG_WARN_OBJC_ROOT_CLASS = YES_ERROR;
				CLANG_WARN_UNREACHABLE_CODE = YES;
				CLANG_WARN__DUPLICATE_METHOD_MATCH = YES;
				"CODE_SIGN_IDENTITY[sdk=iphoneos*]" = "iPhone Developer";
				COPY_PHASE_STRIP = NO;
				DEBUG_INFORMATION_FORMAT = "dwarf-with-dsym";
				ENABLE_NS_ASSERTIONS = NO;
				ENABLE_STRICT_OBJC_MSGSEND = YES;
				GCC_C_LANGUAGE_STANDARD = gnu99;
				GCC_NO_COMMON_BLOCKS = YES;
				GCC_WARN_64_TO_32_BIT_CONVERSION = YES;
				GCC_WARN_ABOUT_RETURN_TYPE = YES_ERROR;
				GCC_WARN_UNDECLARED_SELECTOR = YES;
				GCC_WARN_UNINITIALIZED_AUTOS = YES_AGGRESSIVE;
				GCC_WARN_UNUSED_FUNCTION = YES;
				GCC_WARN_UNUSED_VARIABLE = YES;
				IPHONEOS_DEPLOYMENT_TARGET = 9.2;
				MTL_ENABLE_DEBUG_INFO = NO;
				SDKROOT = iphoneos;
				TARGETED_DEVICE_FAMILY = "1,2";
				VALIDATE_PRODUCT = YES;
			};
			name = Release;
		};
		6374A2EF1C7D1B7D00C60E80 /* Debug */ = {
			isa = XCBuildConfiguration;
			buildSettings = {
				ASSETCATALOG_COMPILER_APPICON_NAME = AppIcon;
				INFOPLIST_FILE = Split/Info.plist;
				LD_RUNPATH_SEARCH_PATHS = "$(inherited) @executable_path/Frameworks";
				PRODUCT_BUNDLE_IDENTIFIER = com.toddperkins.Split;
				PRODUCT_NAME = "$(TARGET_NAME)";
			};
			name = Debug;
		};
		6374A2F01C7D1B7D00C60E80 /* Release */ = {
			isa = XCBuildConfiguration;
			buildSettings = {
				ASSETCATALOG_COMPILER_APPICON_NAME = AppIcon;
				INFOPLIST_FILE = Split/Info.plist;
				LD_RUNPATH_SEARCH_PATHS = "$(inherited) @executable_path/Frameworks";
				PRODUCT_BUNDLE_IDENTIFIER = com.toddperkins.Split;
				PRODUCT_NAME = "$(TARGET_NAME)";
			};
			name = Release;
		};
/* End XCBuildConfiguration section */

/* Begin XCConfigurationList section */
		6374A2D51C7D1B7D00C60E80 /* Build configuration list for PBXProject "Split" */ = {
			isa = XCConfigurationList;
			buildConfigurations = (
				6374A2EC1C7D1B7D00C60E80 /* Debug */,
				6374A2ED1C7D1B7D00C60E80 /* Release */,
			);
			defaultConfigurationIsVisible = 0;
			defaultConfigurationName = Release;
		};
		6374A2EE1C7D1B7D00C60E80 /* Build configuration list for PBXNativeTarget "Split" */ = {
			isa = XCConfigurationList;
			buildConfigurations = (
				6374A2EF1C7D1B7D00C60E80 /* Debug */,
				6374A2F01C7D1B7D00C60E80 /* Release */,
			);
			defaultConfigurationIsVisible = 0;
		};
/* End XCConfigurationList section */
	};
	rootObject = 6374A2D21C7D1B7D00C60E80 /* Project object */;
}
