// !$*UTF8*$!
{
	archiveVersion = 1;
	classes = {
	};
	objectVersion = 46;
	objects = {

/* Begin PBXBuildFile section */
		63E205881BBC337700DE93C1 /* AppDelegate.swift in Sources */ = {isa = PBXBuildFile; fileRef = 63E205871BBC337700DE93C1 /* AppDelegate.swift */; };
		63E2058A1BBC337700DE93C1 /* ViewController.swift in Sources */ = {isa = PBXBuildFile; fileRef = 63E205891BBC337700DE93C1 /* ViewController.swift */; };
		63E2058D1BBC337700DE93C1 /* Main.storyboard in Resources */ = {isa = PBXBuildFile; fileRef = 63E2058B1BBC337700DE93C1 /* Main.storyboard */; };
		63E2058F1BBC337700DE93C1 /* Assets.xcassets in Resources */ = {isa = PBXBuildFile; fileRef = 63E2058E1BBC337700DE93C1 /* Assets.xcassets */; };
		63E205921BBC337700DE93C1 /* LaunchScreen.storyboard in Resources */ = {isa = PBXBuildFile; fileRef = 63E205901BBC337700DE93C1 /* LaunchScreen.storyboard */; };
		63E2059D1BBC337700DE93C1 /* W1Tests.swift in Sources */ = {isa = PBXBuildFile; fileRef = 63E2059C1BBC337700DE93C1 /* W1Tests.swift */; };
		63E205A81BBC337700DE93C1 /* W1UITests.swift in Sources */ = {isa = PBXBuildFile; fileRef = 63E205A71BBC337700DE93C1 /* W1UITests.swift */; };
/* End PBXBuildFile section */

/* Begin PBXContainerItemProxy section */
		63E205991BBC337700DE93C1 /* PBXContainerItemProxy */ = {
			isa = PBXContainerItemProxy;
			containerPortal = 63E2057C1BBC337700DE93C1 /* Project object */;
			proxyType = 1;
			remoteGlobalIDString = 63E205831BBC337700DE93C1;
			remoteInfo = W1;
		};
		63E205A41BBC337700DE93C1 /* PBXContainerItemProxy */ = {
			isa = PBXContainerItemProxy;
			containerPortal = 63E2057C1BBC337700DE93C1 /* Project object */;
			proxyType = 1;
			remoteGlobalIDString = 63E205831BBC337700DE93C1;
			remoteInfo = W1;
		};
/* End PBXContainerItemProxy section */

/* Begin PBXFileReference section */
		63E205841BBC337700DE93C1 /* W1.app */ = {isa = PBXFileReference; explicitFileType = wrapper.application; includeInIndex = 0; path = W1.app; sourceTree = BUILT_PRODUCTS_DIR; };
		63E205871BBC337700DE93C1 /* AppDelegate.swift */ = {isa = PBXFileReference; lastKnownFileType = sourcecode.swift; path = AppDelegate.swift; sourceTree = "<group>"; };
		63E205891BBC337700DE93C1 /* ViewController.swift */ = {isa = PBXFileReference; lastKnownFileType = sourcecode.swift; path = ViewController.swift; sourceTree = "<group>"; };
		63E2058C1BBC337700DE93C1 /* Base */ = {isa = PBXFileReference; lastKnownFileType = file.storyboard; name = Base; path = Base.lproj/Main.storyboard; sourceTree = "<group>"; };
		63E2058E1BBC337700DE93C1 /* Assets.xcassets */ = {isa = PBXFileReference; lastKnownFileType = folder.assetcatalog; path = Assets.xcassets; sourceTree = "<group>"; };
		63E205911BBC337700DE93C1 /* Base */ = {isa = PBXFileReference; lastKnownFileType = file.storyboard; name = Base; path = Base.lproj/LaunchScreen.storyboard; sourceTree = "<group>"; };
		63E205931BBC337700DE93C1 /* Info.plist */ = {isa = PBXFileReference; lastKnownFileType = text.plist.xml; path = Info.plist; sourceTree = "<group>"; };
		63E205981BBC337700DE93C1 /* W1Tests.xctest */ = {isa = PBXFileReference; explicitFileType = wrapper.cfbundle; includeInIndex = 0; path = W1Tests.xctest; sourceTree = BUILT_PRODUCTS_DIR; };
		63E2059C1BBC337700DE93C1 /* W1Tests.swift */ = {isa = PBXFileReference; lastKnownFileType = sourcecode.swift; path = W1Tests.swift; sourceTree = "<group>"; };
		63E2059E1BBC337700DE93C1 /* Info.plist */ = {isa = PBXFileReference; lastKnownFileType = text.plist.xml; path = Info.plist; sourceTree = "<group>"; };
		63E205A31BBC337700DE93C1 /* W1UITests.xctest */ = {isa = PBXFileReference; explicitFileType = wrapper.cfbundle; includeInIndex = 0; path = W1UITests.xctest; sourceTree = BUILT_PRODUCTS_DIR; };
		63E205A71BBC337700DE93C1 /* W1UITests.swift */ = {isa = PBXFileReference; lastKnownFileType = sourcecode.swift; path = W1UITests.swift; sourceTree = "<group>"; };
		63E205A91BBC337700DE93C1 /* Info.plist */ = {isa = PBXFileReference; lastKnownFileType = text.plist.xml; path = Info.plist; sourceTree = "<group>"; };
/* End PBXFileReference section */

/* Begin PBXFrameworksBuildPhase section */
		63E205811BBC337700DE93C1 /* Frameworks */ = {
			isa = PBXFrameworksBuildPhase;
			buildActionMask = 2147483647;
			files = (
			);
			runOnlyForDeploymentPostprocessing = 0;
		};
		63E205951BBC337700DE93C1 /* Frameworks */ = {
			isa = PBXFrameworksBuildPhase;
			buildActionMask = 2147483647;
			files = (
			);
			runOnlyForDeploymentPostprocessing = 0;
		};
		63E205A01BBC337700DE93C1 /* Frameworks */ = {
			isa = PBXFrameworksBuildPhase;
			buildActionMask = 2147483647;
			files = (
			);
			runOnlyForDeploymentPostprocessing = 0;
		};
/* End PBXFrameworksBuildPhase section */

/* Begin PBXGroup section */
		63E2057B1BBC337700DE93C1 = {
			isa = PBXGroup;
			children = (
				63E205861BBC337700DE93C1 /* W1 */,
				63E2059B1BBC337700DE93C1 /* W1Tests */,
				63E205A61BBC337700DE93C1 /* W1UITests */,
				63E205851BBC337700DE93C1 /* Products */,
			);
			sourceTree = "<group>";
		};
		63E205851BBC337700DE93C1 /* Products */ = {
			isa = PBXGroup;
			children = (
				63E205841BBC337700DE93C1 /* W1.app */,
				63E205981BBC337700DE93C1 /* W1Tests.xctest */,
				63E205A31BBC337700DE93C1 /* W1UITests.xctest */,
			);
			name = Products;
			sourceTree = "<group>";
		};
		63E205861BBC337700DE93C1 /* W1 */ = {
			isa = PBXGroup;
			children = (
				63E205871BBC337700DE93C1 /* AppDelegate.swift */,
				63E205891BBC337700DE93C1 /* ViewController.swift */,
				63E2058B1BBC337700DE93C1 /* Main.storyboard */,
				63E2058E1BBC337700DE93C1 /* Assets.xcassets */,
				63E205901BBC337700DE93C1 /* LaunchScreen.storyboard */,
				63E205931BBC337700DE93C1 /* Info.plist */,
			);
			path = W1;
			sourceTree = "<group>";
		};
		63E2059B1BBC337700DE93C1 /* W1Tests */ = {
			isa = PBXGroup;
			children = (
				63E2059C1BBC337700DE93C1 /* W1Tests.swift */,
				63E2059E1BBC337700DE93C1 /* Info.plist */,
			);
			path = W1Tests;
			sourceTree = "<group>";
		};
		63E205A61BBC337700DE93C1 /* W1UITests */ = {
			isa = PBXGroup;
			children = (
				63E205A71BBC337700DE93C1 /* W1UITests.swift */,
				63E205A91BBC337700DE93C1 /* Info.plist */,
			);
			path = W1UITests;
			sourceTree = "<group>";
		};
/* End PBXGroup section */

/* Begin PBXNativeTarget section */
		63E205831BBC337700DE93C1 /* W1 */ = {
			isa = PBXNativeTarget;
			buildConfigurationList = 63E205AC1BBC337700DE93C1 /* Build configuration list for PBXNativeTarget "W1" */;
			buildPhases = (
				63E205801BBC337700DE93C1 /* Sources */,
				63E205811BBC337700DE93C1 /* Frameworks */,
				63E205821BBC337700DE93C1 /* Resources */,
			);
			buildRules = (
			);
			dependencies = (
			);
			name = W1;
			productName = W1;
			productReference = 63E205841BBC337700DE93C1 /* W1.app */;
			productType = "com.apple.product-type.application";
		};
		63E205971BBC337700DE93C1 /* W1Tests */ = {
			isa = PBXNativeTarget;
			buildConfigurationList = 63E205AF1BBC337700DE93C1 /* Build configuration list for PBXNativeTarget "W1Tests" */;
			buildPhases = (
				63E205941BBC337700DE93C1 /* Sources */,
				63E205951BBC337700DE93C1 /* Frameworks */,
				63E205961BBC337700DE93C1 /* Resources */,
			);
			buildRules = (
			);
			dependencies = (
				63E2059A1BBC337700DE93C1 /* PBXTargetDependency */,
			);
			name = W1Tests;
			productName = W1Tests;
			productReference = 63E205981BBC337700DE93C1 /* W1Tests.xctest */;
			productType = "com.apple.product-type.bundle.unit-test";
		};
		63E205A21BBC337700DE93C1 /* W1UITests */ = {
			isa = PBXNativeTarget;
			buildConfigurationList = 63E205B21BBC337700DE93C1 /* Build configuration list for PBXNativeTarget "W1UITests" */;
			buildPhases = (
				63E2059F1BBC337700DE93C1 /* Sources */,
				63E205A01BBC337700DE93C1 /* Frameworks */,
				63E205A11BBC337700DE93C1 /* Resources */,
			);
			buildRules = (
			);
			dependencies = (
				63E205A51BBC337700DE93C1 /* PBXTargetDependency */,
			);
			name = W1UITests;
			productName = W1UITests;
			productReference = 63E205A31BBC337700DE93C1 /* W1UITests.xctest */;
			productType = "com.apple.product-type.bundle.ui-testing";
		};
/* End PBXNativeTarget section */

/* Begin PBXProject section */
		63E2057C1BBC337700DE93C1 /* Project object */ = {
			isa = PBXProject;
			attributes = {
				LastUpgradeCheck = 0700;
				ORGANIZATIONNAME = LDC;
				TargetAttributes = {
					63E205831BBC337700DE93C1 = {
						CreatedOnToolsVersion = 7.0;
					};
					63E205971BBC337700DE93C1 = {
						CreatedOnToolsVersion = 7.0;
						TestTargetID = 63E205831BBC337700DE93C1;
					};
					63E205A21BBC337700DE93C1 = {
						CreatedOnToolsVersion = 7.0;
						TestTargetID = 63E205831BBC337700DE93C1;
					};
				};
			};
			buildConfigurationList = 63E2057F1BBC337700DE93C1 /* Build configuration list for PBXProject "W1" */;
			compatibilityVersion = "Xcode 3.2";
			developmentRegion = English;
			hasScannedForEncodings = 0;
			knownRegions = (
				en,
				Base,
			);
			mainGroup = 63E2057B1BBC337700DE93C1;
			productRefGroup = 63E205851BBC337700DE93C1 /* Products */;
			projectDirPath = "";
			projectRoot = "";
			targets = (
				63E205831BBC337700DE93C1 /* W1 */,
				63E205971BBC337700DE93C1 /* W1Tests */,
				63E205A21BBC337700DE93C1 /* W1UITests */,
			);
		};
/* End PBXProject section */

/* Begin PBXResourcesBuildPhase section */
		63E205821BBC337700DE93C1 /* Resources */ = {
			isa = PBXResourcesBuildPhase;
			buildActionMask = 2147483647;
			files = (
				63E205921BBC337700DE93C1 /* LaunchScreen.storyboard in Resources */,
				63E2058F1BBC337700DE93C1 /* Assets.xcassets in Resources */,
				63E2058D1BBC337700DE93C1 /* Main.storyboard in Resources */,
			);
			runOnlyForDeploymentPostprocessing = 0;
		};
		63E205961BBC337700DE93C1 /* Resources */ = {
			isa = PBXResourcesBuildPhase;
			buildActionMask = 2147483647;
			files = (
			);
			runOnlyForDeploymentPostprocessing = 0;
		};
		63E205A11BBC337700DE93C1 /* Resources */ = {
			isa = PBXResourcesBuildPhase;
			buildActionMask = 2147483647;
			files = (
			);
			runOnlyForDeploymentPostprocessing = 0;
		};
/* End PBXResourcesBuildPhase section */

/* Begin PBXSourcesBuildPhase section */
		63E205801BBC337700DE93C1 /* Sources */ = {
			isa = PBXSourcesBuildPhase;
			buildActionMask = 2147483647;
			files = (
				63E2058A1BBC337700DE93C1 /* ViewController.swift in Sources */,
				63E205881BBC337700DE93C1 /* AppDelegate.swift in Sources */,
			);
			runOnlyForDeploymentPostprocessing = 0;
		};
		63E205941BBC337700DE93C1 /* Sources */ = {
			isa = PBXSourcesBuildPhase;
			buildActionMask = 2147483647;
			files = (
				63E2059D1BBC337700DE93C1 /* W1Tests.swift in Sources */,
			);
			runOnlyForDeploymentPostprocessing = 0;
		};
		63E2059F1BBC337700DE93C1 /* Sources */ = {
			isa = PBXSourcesBuildPhase;
			buildActionMask = 2147483647;
			files = (
				63E205A81BBC337700DE93C1 /* W1UITests.swift in Sources */,
			);
			runOnlyForDeploymentPostprocessing = 0;
		};
/* End PBXSourcesBuildPhase section */

/* Begin PBXTargetDependency section */
		63E2059A1BBC337700DE93C1 /* PBXTargetDependency */ = {
			isa = PBXTargetDependency;
			target = 63E205831BBC337700DE93C1 /* W1 */;
			targetProxy = 63E205991BBC337700DE93C1 /* PBXContainerItemProxy */;
		};
		63E205A51BBC337700DE93C1 /* PBXTargetDependency */ = {
			isa = PBXTargetDependency;
			target = 63E205831BBC337700DE93C1 /* W1 */;
			targetProxy = 63E205A41BBC337700DE93C1 /* PBXContainerItemProxy */;
		};
/* End PBXTargetDependency section */

/* Begin PBXVariantGroup section */
		63E2058B1BBC337700DE93C1 /* Main.storyboard */ = {
			isa = PBXVariantGroup;
			children = (
				63E2058C1BBC337700DE93C1 /* Base */,
			);
			name = Main.storyboard;
			sourceTree = "<group>";
		};
		63E205901BBC337700DE93C1 /* LaunchScreen.storyboard */ = {
			isa = PBXVariantGroup;
			children = (
				63E205911BBC337700DE93C1 /* Base */,
			);
			name = LaunchScreen.storyboard;
			sourceTree = "<group>";
		};
/* End PBXVariantGroup section */

/* Begin XCBuildConfiguration section */
		63E205AA1BBC337700DE93C1 /* Debug */ = {
			isa = XCBuildConfiguration;
			buildSettings = {
				ALWAYS_SEARCH_USER_PATHS = NO;
				CLANG_CXX_LANGUAGE_STANDARD = "gnu++0x";
				CLANG_CXX_LIBRARY = "libc++";
				CLANG_ENABLE_MODULES = YES;
				CLANG_ENABLE_OBJC_ARC = YES;
				CLANG_WARN_BOOL_CONVERSION = YES;
				CLANG_WARN_CONSTANT_CONVERSION = YES;
				CLANG_WARN_DIRECT_OBJC_ISA_USAGE = YES_ERROR;
				CLANG_WARN_EMPTY_BODY = YES;
				CLANG_WARN_ENUM_CONVERSION = YES;
				CLANG_WARN_INT_CONVERSION = YES;
				CLANG_WARN_OBJC_ROOT_CLASS = YES_ERROR;
				CLANG_WARN_UNREACHABLE_CODE = YES;
				CLANG_WARN__DUPLICATE_METHOD_MATCH = YES;
				"CODE_SIGN_IDENTITY[sdk=iphoneos*]" = "iPhone Developer";
				COPY_PHASE_STRIP = NO;
				DEBUG_INFORMATION_FORMAT = dwarf;
				ENABLE_STRICT_OBJC_MSGSEND = YES;
				ENABLE_TESTABILITY = YES;
				GCC_C_LANGUAGE_STANDARD = gnu99;
				GCC_DYNAMIC_NO_PIC = NO;
				GCC_NO_COMMON_BLOCKS = YES;
				GCC_OPTIMIZATION_LEVEL = 0;
				GCC_PREPROCESSOR_DEFINITIONS = (
					"DEBUG=1",
					"$(inherited)",
				);
				GCC_WARN_64_TO_32_BIT_CONVERSION = YES;
				GCC_WARN_ABOUT_RETURN_TYPE = YES_ERROR;
				GCC_WARN_UNDECLARED_SELECTOR = YES;
				GCC_WARN_UNINITIALIZED_AUTOS = YES_AGGRESSIVE;
				GCC_WARN_UNUSED_FUNCTION = YES;
				GCC_WARN_UNUSED_VARIABLE = YES;
				IPHONEOS_DEPLOYMENT_TARGET = 9.0;
				MTL_ENABLE_DEBUG_INFO = YES;
				ONLY_ACTIVE_ARCH = YES;
				SDKROOT = iphoneos;
				SWIFT_OPTIMIZATION_LEVEL = "-Onone";
			};
			name = Debug;
		};
		63E205AB1BBC337700DE93C1 /* Release */ = {
			isa = XCBuildConfiguration;
			buildSettings = {
				ALWAYS_SEARCH_USER_PATHS = NO;
				CLANG_CXX_LANGUAGE_STANDARD = "gnu++0x";
				CLANG_CXX_LIBRARY = "libc++";
				CLANG_ENABLE_MODULES = YES;
				CLANG_ENABLE_OBJC_ARC = YES;
				CLANG_WARN_BOOL_CONVERSION = YES;
				CLANG_WARN_CONSTANT_CONVERSION = YES;
				CLANG_WARN_DIRECT_OBJC_ISA_USAGE = YES_ERROR;
				CLANG_WARN_EMPTY_BODY = YES;
				CLANG_WARN_ENUM_CONVERSION = YES;
				CLANG_WARN_INT_CONVERSION = YES;
				CLANG_WARN_OBJC_ROOT_CLASS = YES_ERROR;
				CLANG_WARN_UNREACHABLE_CODE = YES;
				CLANG_WARN__DUPLICATE_METHOD_MATCH = YES;
				"CODE_SIGN_IDENTITY[sdk=iphoneos*]" = "iPhone Developer";
				COPY_PHASE_STRIP = NO;
				DEBUG_INFORMATION_FORMAT = "dwarf-with-dsym";
				ENABLE_NS_ASSERTIONS = NO;
				ENABLE_STRICT_OBJC_MSGSEND = YES;
				GCC_C_LANGUAGE_STANDARD = gnu99;
				GCC_NO_COMMON_BLOCKS = YES;
				GCC_WARN_64_TO_32_BIT_CONVERSION = YES;
				GCC_WARN_ABOUT_RETURN_TYPE = YES_ERROR;
				GCC_WARN_UNDECLARED_SELECTOR = YES;
				GCC_WARN_UNINITIALIZED_AUTOS = YES_AGGRESSIVE;
				GCC_WARN_UNUSED_FUNCTION = YES;
				GCC_WARN_UNUSED_VARIABLE = YES;
				IPHONEOS_DEPLOYMENT_TARGET = 9.0;
				MTL_ENABLE_DEBUG_INFO = NO;
				SDKROOT = iphoneos;
				VALIDATE_PRODUCT = YES;
			};
			name = Release;
		};
		63E205AD1BBC337700DE93C1 /* Debug */ = {
			isa = XCBuildConfiguration;
			buildSettings = {
				ASSETCATALOG_COMPILER_APPICON_NAME = AppIcon;
				INFOPLIST_FILE = W1/Info.plist;
				LD_RUNPATH_SEARCH_PATHS = "$(inherited) @executable_path/Frameworks";
				PRODUCT_BUNDLE_IDENTIFIER = com.toddperkins.W1;
				PRODUCT_NAME = "$(TARGET_NAME)";
			};
			name = Debug;
		};
		63E205AE1BBC337700DE93C1 /* Release */ = {
			isa = XCBuildConfiguration;
			buildSettings = {
				ASSETCATALOG_COMPILER_APPICON_NAME = AppIcon;
				INFOPLIST_FILE = W1/Info.plist;
				LD_RUNPATH_SEARCH_PATHS = "$(inherited) @executable_path/Frameworks";
				PRODUCT_BUNDLE_IDENTIFIER = com.toddperkins.W1;
				PRODUCT_NAME = "$(TARGET_NAME)";
			};
			name = Release;
		};
		63E205B01BBC337700DE93C1 /* Debug */ = {
			isa = XCBuildConfiguration;
			buildSettings = {
				BUNDLE_LOADER = "$(TEST_HOST)";
				INFOPLIST_FILE = W1Tests/Info.plist;
				LD_RUNPATH_SEARCH_PATHS = "$(inherited) @executable_path/Frameworks @loader_path/Frameworks";
				PRODUCT_BUNDLE_IDENTIFIER = com.toddperkins.W1Tests;
				PRODUCT_NAME = "$(TARGET_NAME)";
				TEST_HOST = "$(BUILT_PRODUCTS_DIR)/W1.app/W1";
			};
			name = Debug;
		};
		63E205B11BBC337700DE93C1 /* Release */ = {
			isa = XCBuildConfiguration;
			buildSettings = {
				BUNDLE_LOADER = "$(TEST_HOST)";
				INFOPLIST_FILE = W1Tests/Info.plist;
				LD_RUNPATH_SEARCH_PATHS = "$(inherited) @executable_path/Frameworks @loader_path/Frameworks";
				PRODUCT_BUNDLE_IDENTIFIER = com.toddperkins.W1Tests;
				PRODUCT_NAME = "$(TARGET_NAME)";
				TEST_HOST = "$(BUILT_PRODUCTS_DIR)/W1.app/W1";
			};
			name = Release;
		};
		63E205B31BBC337700DE93C1 /* Debug */ = {
			isa = XCBuildConfiguration;
			buildSettings = {
				INFOPLIST_FILE = W1UITests/Info.plist;
				LD_RUNPATH_SEARCH_PATHS = "$(inherited) @executable_path/Frameworks @loader_path/Frameworks";
				PRODUCT_BUNDLE_IDENTIFIER = com.toddperkins.W1UITests;
				PRODUCT_NAME = "$(TARGET_NAME)";
				TEST_TARGET_NAME = W1;
				USES_XCTRUNNER = YES;
			};
			name = Debug;
		};
		63E205B41BBC337700DE93C1 /* Release */ = {
			isa = XCBuildConfiguration;
			buildSettings = {
				INFOPLIST_FILE = W1UITests/Info.plist;
				LD_RUNPATH_SEARCH_PATHS = "$(inherited) @executable_path/Frameworks @loader_path/Frameworks";
				PRODUCT_BUNDLE_IDENTIFIER = com.toddperkins.W1UITests;
				PRODUCT_NAME = "$(TARGET_NAME)";
				TEST_TARGET_NAME = W1;
				USES_XCTRUNNER = YES;
			};
			name = Release;
		};
/* End XCBuildConfiguration section */

/* Begin XCConfigurationList section */
		63E2057F1BBC337700DE93C1 /* Build configuration list for PBXProject "W1" */ = {
			isa = XCConfigurationList;
			buildConfigurations = (
				63E205AA1BBC337700DE93C1 /* Debug */,
				63E205AB1BBC337700DE93C1 /* Release */,
			);
			defaultConfigurationIsVisible = 0;
			defaultConfigurationName = Release;
		};
		63E205AC1BBC337700DE93C1 /* Build configuration list for PBXNativeTarget "W1" */ = {
			isa = XCConfigurationList;
			buildConfigurations = (
				63E205AD1BBC337700DE93C1 /* Debug */,
				63E205AE1BBC337700DE93C1 /* Release */,
			);
			defaultConfigurationIsVisible = 0;
		};
		63E205AF1BBC337700DE93C1 /* Build configuration list for PBXNativeTarget "W1Tests" */ = {
			isa = XCConfigurationList;
			buildConfigurations = (
				63E205B01BBC337700DE93C1 /* Debug */,
				63E205B11BBC337700DE93C1 /* Release */,
			);
			defaultConfigurationIsVisible = 0;
		};
		63E205B21BBC337700DE93C1 /* Build configuration list for PBXNativeTarget "W1UITests" */ = {
			isa = XCConfigurationList;
			buildConfigurations = (
				63E205B31BBC337700DE93C1 /* Debug */,
				63E205B41BBC337700DE93C1 /* Release */,
			);
			defaultConfigurationIsVisible = 0;
		};
/* End XCConfigurationList section */
	};
	rootObject = 63E2057C1BBC337700DE93C1 /* Project object */;
}
