// !$*UTF8*$!
{
	archiveVersion = 1;
	classes = {
	};
	objectVersion = 46;
	objects = {

/* Begin PBXBuildFile section */
		6326D5021BB5B7E700A38F65 /* AppDelegate.swift in Sources */ = {isa = PBXBuildFile; fileRef = 6326D5011BB5B7E700A38F65 /* AppDelegate.swift */; };
		6326D5041BB5B7E700A38F65 /* ViewController.swift in Sources */ = {isa = PBXBuildFile; fileRef = 6326D5031BB5B7E700A38F65 /* ViewController.swift */; };
		6326D5071BB5B7E700A38F65 /* Main.storyboard in Resources */ = {isa = PBXBuildFile; fileRef = 6326D5051BB5B7E700A38F65 /* Main.storyboard */; };
		6326D5091BB5B7E700A38F65 /* Assets.xcassets in Resources */ = {isa = PBXBuildFile; fileRef = 6326D5081BB5B7E700A38F65 /* Assets.xcassets */; };
		6326D50C1BB5B7E700A38F65 /* LaunchScreen.storyboard in Resources */ = {isa = PBXBuildFile; fileRef = 6326D50A1BB5B7E700A38F65 /* LaunchScreen.storyboard */; };
		6326D5171BB5B7E700A38F65 /* SchemesTests.swift in Sources */ = {isa = PBXBuildFile; fileRef = 6326D5161BB5B7E700A38F65 /* SchemesTests.swift */; };
		6326D5221BB5B7E700A38F65 /* SchemesUITests.swift in Sources */ = {isa = PBXBuildFile; fileRef = 6326D5211BB5B7E700A38F65 /* SchemesUITests.swift */; };
/* End PBXBuildFile section */

/* Begin PBXContainerItemProxy section */
		6326D5131BB5B7E700A38F65 /* PBXContainerItemProxy */ = {
			isa = PBXContainerItemProxy;
			containerPortal = 6326D4F61BB5B7E700A38F65 /* Project object */;
			proxyType = 1;
			remoteGlobalIDString = 6326D4FD1BB5B7E700A38F65;
			remoteInfo = Schemes;
		};
		6326D51E1BB5B7E700A38F65 /* PBXContainerItemProxy */ = {
			isa = PBXContainerItemProxy;
			containerPortal = 6326D4F61BB5B7E700A38F65 /* Project object */;
			proxyType = 1;
			remoteGlobalIDString = 6326D4FD1BB5B7E700A38F65;
			remoteInfo = Schemes;
		};
/* End PBXContainerItemProxy section */

/* Begin PBXFileReference section */
		6326D4FE1BB5B7E700A38F65 /* Schemes.app */ = {isa = PBXFileReference; explicitFileType = wrapper.application; includeInIndex = 0; path = Schemes.app; sourceTree = BUILT_PRODUCTS_DIR; };
		6326D5011BB5B7E700A38F65 /* AppDelegate.swift */ = {isa = PBXFileReference; lastKnownFileType = sourcecode.swift; path = AppDelegate.swift; sourceTree = "<group>"; };
		6326D5031BB5B7E700A38F65 /* ViewController.swift */ = {isa = PBXFileReference; lastKnownFileType = sourcecode.swift; path = ViewController.swift; sourceTree = "<group>"; };
		6326D5061BB5B7E700A38F65 /* Base */ = {isa = PBXFileReference; lastKnownFileType = file.storyboard; name = Base; path = Base.lproj/Main.storyboard; sourceTree = "<group>"; };
		6326D5081BB5B7E700A38F65 /* Assets.xcassets */ = {isa = PBXFileReference; lastKnownFileType = folder.assetcatalog; path = Assets.xcassets; sourceTree = "<group>"; };
		6326D50B1BB5B7E700A38F65 /* Base */ = {isa = PBXFileReference; lastKnownFileType = file.storyboard; name = Base; path = Base.lproj/LaunchScreen.storyboard; sourceTree = "<group>"; };
		6326D50D1BB5B7E700A38F65 /* Info.plist */ = {isa = PBXFileReference; lastKnownFileType = text.plist.xml; path = Info.plist; sourceTree = "<group>"; };
		6326D5121BB5B7E700A38F65 /* SchemesTests.xctest */ = {isa = PBXFileReference; explicitFileType = wrapper.cfbundle; includeInIndex = 0; path = SchemesTests.xctest; sourceTree = BUILT_PRODUCTS_DIR; };
		6326D5161BB5B7E700A38F65 /* SchemesTests.swift */ = {isa = PBXFileReference; lastKnownFileType = sourcecode.swift; path = SchemesTests.swift; sourceTree = "<group>"; };
		6326D5181BB5B7E700A38F65 /* Info.plist */ = {isa = PBXFileReference; lastKnownFileType = text.plist.xml; path = Info.plist; sourceTree = "<group>"; };
		6326D51D1BB5B7E700A38F65 /* SchemesUITests.xctest */ = {isa = PBXFileReference; explicitFileType = wrapper.cfbundle; includeInIndex = 0; path = SchemesUITests.xctest; sourceTree = BUILT_PRODUCTS_DIR; };
		6326D5211BB5B7E700A38F65 /* SchemesUITests.swift */ = {isa = PBXFileReference; lastKnownFileType = sourcecode.swift; path = SchemesUITests.swift; sourceTree = "<group>"; };
		6326D5231BB5B7E700A38F65 /* Info.plist */ = {isa = PBXFileReference; lastKnownFileType = text.plist.xml; path = Info.plist; sourceTree = "<group>"; };
/* End PBXFileReference section */

/* Begin PBXFrameworksBuildPhase section */
		6326D4FB1BB5B7E700A38F65 /* Frameworks */ = {
			isa = PBXFrameworksBuildPhase;
			buildActionMask = 2147483647;
			files = (
			);
			runOnlyForDeploymentPostprocessing = 0;
		};
		6326D50F1BB5B7E700A38F65 /* Frameworks */ = {
			isa = PBXFrameworksBuildPhase;
			buildActionMask = 2147483647;
			files = (
			);
			runOnlyForDeploymentPostprocessing = 0;
		};
		6326D51A1BB5B7E700A38F65 /* Frameworks */ = {
			isa = PBXFrameworksBuildPhase;
			buildActionMask = 2147483647;
			files = (
			);
			runOnlyForDeploymentPostprocessing = 0;
		};
/* End PBXFrameworksBuildPhase section */

/* Begin PBXGroup section */
		6326D4F51BB5B7E700A38F65 = {
			isa = PBXGroup;
			children = (
				6326D5001BB5B7E700A38F65 /* Schemes */,
				6326D5151BB5B7E700A38F65 /* SchemesTests */,
				6326D5201BB5B7E700A38F65 /* SchemesUITests */,
				6326D4FF1BB5B7E700A38F65 /* Products */,
			);
			sourceTree = "<group>";
		};
		6326D4FF1BB5B7E700A38F65 /* Products */ = {
			isa = PBXGroup;
			children = (
				6326D4FE1BB5B7E700A38F65 /* Schemes.app */,
				6326D5121BB5B7E700A38F65 /* SchemesTests.xctest */,
				6326D51D1BB5B7E700A38F65 /* SchemesUITests.xctest */,
			);
			name = Products;
			sourceTree = "<group>";
		};
		6326D5001BB5B7E700A38F65 /* Schemes */ = {
			isa = PBXGroup;
			children = (
				6326D5011BB5B7E700A38F65 /* AppDelegate.swift */,
				6326D5031BB5B7E700A38F65 /* ViewController.swift */,
				6326D5051BB5B7E700A38F65 /* Main.storyboard */,
				6326D5081BB5B7E700A38F65 /* Assets.xcassets */,
				6326D50A1BB5B7E700A38F65 /* LaunchScreen.storyboard */,
				6326D50D1BB5B7E700A38F65 /* Info.plist */,
			);
			path = Schemes;
			sourceTree = "<group>";
		};
		6326D5151BB5B7E700A38F65 /* SchemesTests */ = {
			isa = PBXGroup;
			children = (
				6326D5161BB5B7E700A38F65 /* SchemesTests.swift */,
				6326D5181BB5B7E700A38F65 /* Info.plist */,
			);
			path = SchemesTests;
			sourceTree = "<group>";
		};
		6326D5201BB5B7E700A38F65 /* SchemesUITests */ = {
			isa = PBXGroup;
			children = (
				6326D5211BB5B7E700A38F65 /* SchemesUITests.swift */,
				6326D5231BB5B7E700A38F65 /* Info.plist */,
			);
			path = SchemesUITests;
			sourceTree = "<group>";
		};
/* End PBXGroup section */

/* Begin PBXNativeTarget section */
		6326D4FD1BB5B7E700A38F65 /* Schemes */ = {
			isa = PBXNativeTarget;
			buildConfigurationList = 6326D5261BB5B7E700A38F65 /* Build configuration list for PBXNativeTarget "Schemes" */;
			buildPhases = (
				6326D4FA1BB5B7E700A38F65 /* Sources */,
				6326D4FB1BB5B7E700A38F65 /* Frameworks */,
				6326D4FC1BB5B7E700A38F65 /* Resources */,
			);
			buildRules = (
			);
			dependencies = (
			);
			name = Schemes;
			productName = Schemes;
			productReference = 6326D4FE1BB5B7E700A38F65 /* Schemes.app */;
			productType = "com.apple.product-type.application";
		};
		6326D5111BB5B7E700A38F65 /* SchemesTests */ = {
			isa = PBXNativeTarget;
			buildConfigurationList = 6326D5291BB5B7E700A38F65 /* Build configuration list for PBXNativeTarget "SchemesTests" */;
			buildPhases = (
				6326D50E1BB5B7E700A38F65 /* Sources */,
				6326D50F1BB5B7E700A38F65 /* Frameworks */,
				6326D5101BB5B7E700A38F65 /* Resources */,
			);
			buildRules = (
			);
			dependencies = (
				6326D5141BB5B7E700A38F65 /* PBXTargetDependency */,
			);
			name = SchemesTests;
			productName = SchemesTests;
			productReference = 6326D5121BB5B7E700A38F65 /* SchemesTests.xctest */;
			productType = "com.apple.product-type.bundle.unit-test";
		};
		6326D51C1BB5B7E700A38F65 /* SchemesUITests */ = {
			isa = PBXNativeTarget;
			buildConfigurationList = 6326D52C1BB5B7E700A38F65 /* Build configuration list for PBXNativeTarget "SchemesUITests" */;
			buildPhases = (
				6326D5191BB5B7E700A38F65 /* Sources */,
				6326D51A1BB5B7E700A38F65 /* Frameworks */,
				6326D51B1BB5B7E700A38F65 /* Resources */,
			);
			buildRules = (
			);
			dependencies = (
				6326D51F1BB5B7E700A38F65 /* PBXTargetDependency */,
			);
			name = SchemesUITests;
			productName = SchemesUITests;
			productReference = 6326D51D1BB5B7E700A38F65 /* SchemesUITests.xctest */;
			productType = "com.apple.product-type.bundle.ui-testing";
		};
/* End PBXNativeTarget section */

/* Begin PBXProject section */
		6326D4F61BB5B7E700A38F65 /* Project object */ = {
			isa = PBXProject;
			attributes = {
				LastUpgradeCheck = 0700;
				ORGANIZATIONNAME = LDC;
				TargetAttributes = {
					6326D4FD1BB5B7E700A38F65 = {
						CreatedOnToolsVersion = 7.0;
					};
					6326D5111BB5B7E700A38F65 = {
						CreatedOnToolsVersion = 7.0;
						TestTargetID = 6326D4FD1BB5B7E700A38F65;
					};
					6326D51C1BB5B7E700A38F65 = {
						CreatedOnToolsVersion = 7.0;
						TestTargetID = 6326D4FD1BB5B7E700A38F65;
					};
				};
			};
			buildConfigurationList = 6326D4F91BB5B7E700A38F65 /* Build configuration list for PBXProject "Schemes" */;
			compatibilityVersion = "Xcode 3.2";
			developmentRegion = English;
			hasScannedForEncodings = 0;
			knownRegions = (
				en,
				Base,
			);
			mainGroup = 6326D4F51BB5B7E700A38F65;
			productRefGroup = 6326D4FF1BB5B7E700A38F65 /* Products */;
			projectDirPath = "";
			projectRoot = "";
			targets = (
				6326D4FD1BB5B7E700A38F65 /* Schemes */,
				6326D5111BB5B7E700A38F65 /* SchemesTests */,
				6326D51C1BB5B7E700A38F65 /* SchemesUITests */,
			);
		};
/* End PBXProject section */

/* Begin PBXResourcesBuildPhase section */
		6326D4FC1BB5B7E700A38F65 /* Resources */ = {
			isa = PBXResourcesBuildPhase;
			buildActionMask = 2147483647;
			files = (
				6326D50C1BB5B7E700A38F65 /* LaunchScreen.storyboard in Resources */,
				6326D5091BB5B7E700A38F65 /* Assets.xcassets in Resources */,
				6326D5071BB5B7E700A38F65 /* Main.storyboard in Resources */,
			);
			runOnlyForDeploymentPostprocessing = 0;
		};
		6326D5101BB5B7E700A38F65 /* Resources */ = {
			isa = PBXResourcesBuildPhase;
			buildActionMask = 2147483647;
			files = (
			);
			runOnlyForDeploymentPostprocessing = 0;
		};
		6326D51B1BB5B7E700A38F65 /* Resources */ = {
			isa = PBXResourcesBuildPhase;
			buildActionMask = 2147483647;
			files = (
			);
			runOnlyForDeploymentPostprocessing = 0;
		};
/* End PBXResourcesBuildPhase section */

/* Begin PBXSourcesBuildPhase section */
		6326D4FA1BB5B7E700A38F65 /* Sources */ = {
			isa = PBXSourcesBuildPhase;
			buildActionMask = 2147483647;
			files = (
				6326D5041BB5B7E700A38F65 /* ViewController.swift in Sources */,
				6326D5021BB5B7E700A38F65 /* AppDelegate.swift in Sources */,
			);
			runOnlyForDeploymentPostprocessing = 0;
		};
		6326D50E1BB5B7E700A38F65 /* Sources */ = {
			isa = PBXSourcesBuildPhase;
			buildActionMask = 2147483647;
			files = (
				6326D5171BB5B7E700A38F65 /* SchemesTests.swift in Sources */,
			);
			runOnlyForDeploymentPostprocessing = 0;
		};
		6326D5191BB5B7E700A38F65 /* Sources */ = {
			isa = PBXSourcesBuildPhase;
			buildActionMask = 2147483647;
			files = (
				6326D5221BB5B7E700A38F65 /* SchemesUITests.swift in Sources */,
			);
			runOnlyForDeploymentPostprocessing = 0;
		};
/* End PBXSourcesBuildPhase section */

/* Begin PBXTargetDependency section */
		6326D5141BB5B7E700A38F65 /* PBXTargetDependency */ = {
			isa = PBXTargetDependency;
			target = 6326D4FD1BB5B7E700A38F65 /* Schemes */;
			targetProxy = 6326D5131BB5B7E700A38F65 /* PBXContainerItemProxy */;
		};
		6326D51F1BB5B7E700A38F65 /* PBXTargetDependency */ = {
			isa = PBXTargetDependency;
			target = 6326D4FD1BB5B7E700A38F65 /* Schemes */;
			targetProxy = 6326D51E1BB5B7E700A38F65 /* PBXContainerItemProxy */;
		};
/* End PBXTargetDependency section */

/* Begin PBXVariantGroup section */
		6326D5051BB5B7E700A38F65 /* Main.storyboard */ = {
			isa = PBXVariantGroup;
			children = (
				6326D5061BB5B7E700A38F65 /* Base */,
			);
			name = Main.storyboard;
			sourceTree = "<group>";
		};
		6326D50A1BB5B7E700A38F65 /* LaunchScreen.storyboard */ = {
			isa = PBXVariantGroup;
			children = (
				6326D50B1BB5B7E700A38F65 /* Base */,
			);
			name = LaunchScreen.storyboard;
			sourceTree = "<group>";
		};
/* End PBXVariantGroup section */

/* Begin XCBuildConfiguration section */
		6326D5241BB5B7E700A38F65 /* Debug */ = {
			isa = XCBuildConfiguration;
			buildSettings = {
				ALWAYS_SEARCH_USER_PATHS = NO;
				CLANG_CXX_LANGUAGE_STANDARD = "gnu++0x";
				CLANG_CXX_LIBRARY = "libc++";
				CLANG_ENABLE_MODULES = YES;
				CLANG_ENABLE_OBJC_ARC = YES;
				CLANG_WARN_BOOL_CONVERSION = YES;
				CLANG_WARN_CONSTANT_CONVERSION = YES;
				CLANG_WARN_DIRECT_OBJC_ISA_USAGE = YES_ERROR;
				CLANG_WARN_EMPTY_BODY = YES;
				CLANG_WARN_ENUM_CONVERSION = YES;
				CLANG_WARN_INT_CONVERSION = YES;
				CLANG_WARN_OBJC_ROOT_CLASS = YES_ERROR;
				CLANG_WARN_UNREACHABLE_CODE = YES;
				CLANG_WARN__DUPLICATE_METHOD_MATCH = YES;
				"CODE_SIGN_IDENTITY[sdk=iphoneos*]" = "iPhone Developer";
				COPY_PHASE_STRIP = NO;
				DEBUG_INFORMATION_FORMAT = dwarf;
				ENABLE_STRICT_OBJC_MSGSEND = YES;
				ENABLE_TESTABILITY = YES;
				GCC_C_LANGUAGE_STANDARD = gnu99;
				GCC_DYNAMIC_NO_PIC = NO;
				GCC_NO_COMMON_BLOCKS = YES;
				GCC_OPTIMIZATION_LEVEL = 0;
				GCC_PREPROCESSOR_DEFINITIONS = (
					"DEBUG=1",
					"$(inherited)",
				);
				GCC_WARN_64_TO_32_BIT_CONVERSION = YES;
				GCC_WARN_ABOUT_RETURN_TYPE = YES_ERROR;
				GCC_WARN_UNDECLARED_SELECTOR = YES;
				GCC_WARN_UNINITIALIZED_AUTOS = YES_AGGRESSIVE;
				GCC_WARN_UNUSED_FUNCTION = YES;
				GCC_WARN_UNUSED_VARIABLE = YES;
				IPHONEOS_DEPLOYMENT_TARGET = 9.0;
				MTL_ENABLE_DEBUG_INFO = YES;
				ONLY_ACTIVE_ARCH = YES;
				SDKROOT = iphoneos;
				SWIFT_OPTIMIZATION_LEVEL = "-Onone";
			};
			name = Debug;
		};
		6326D5251BB5B7E700A38F65 /* Release */ = {
			isa = XCBuildConfiguration;
			buildSettings = {
				ALWAYS_SEARCH_USER_PATHS = NO;
				CLANG_CXX_LANGUAGE_STANDARD = "gnu++0x";
				CLANG_CXX_LIBRARY = "libc++";
				CLANG_ENABLE_MODULES = YES;
				CLANG_ENABLE_OBJC_ARC = YES;
				CLANG_WARN_BOOL_CONVERSION = YES;
				CLANG_WARN_CONSTANT_CONVERSION = YES;
				CLANG_WARN_DIRECT_OBJC_ISA_USAGE = YES_ERROR;
				CLANG_WARN_EMPTY_BODY = YES;
				CLANG_WARN_ENUM_CONVERSION = YES;
				CLANG_WARN_INT_CONVERSION = YES;
				CLANG_WARN_OBJC_ROOT_CLASS = YES_ERROR;
				CLANG_WARN_UNREACHABLE_CODE = YES;
				CLANG_WARN__DUPLICATE_METHOD_MATCH = YES;
				"CODE_SIGN_IDENTITY[sdk=iphoneos*]" = "iPhone Developer";
				COPY_PHASE_STRIP = NO;
				DEBUG_INFORMATION_FORMAT = "dwarf-with-dsym";
				ENABLE_NS_ASSERTIONS = NO;
				ENABLE_STRICT_OBJC_MSGSEND = YES;
				GCC_C_LANGUAGE_STANDARD = gnu99;
				GCC_NO_COMMON_BLOCKS = YES;
				GCC_WARN_64_TO_32_BIT_CONVERSION = YES;
				GCC_WARN_ABOUT_RETURN_TYPE = YES_ERROR;
				GCC_WARN_UNDECLARED_SELECTOR = YES;
				GCC_WARN_UNINITIALIZED_AUTOS = YES_AGGRESSIVE;
				GCC_WARN_UNUSED_FUNCTION = YES;
				GCC_WARN_UNUSED_VARIABLE = YES;
				IPHONEOS_DEPLOYMENT_TARGET = 9.0;
				MTL_ENABLE_DEBUG_INFO = NO;
				SDKROOT = iphoneos;
				VALIDATE_PRODUCT = YES;
			};
			name = Release;
		};
		6326D5271BB5B7E700A38F65 /* Debug */ = {
			isa = XCBuildConfiguration;
			buildSettings = {
				ASSETCATALOG_COMPILER_APPICON_NAME = AppIcon;
				INFOPLIST_FILE = Schemes/Info.plist;
				LD_RUNPATH_SEARCH_PATHS = "$(inherited) @executable_path/Frameworks";
				PRODUCT_BUNDLE_IDENTIFIER = com.toddperkins.Schemes;
				PRODUCT_NAME = "$(TARGET_NAME)";
			};
			name = Debug;
		};
		6326D5281BB5B7E700A38F65 /* Release */ = {
			isa = XCBuildConfiguration;
			buildSettings = {
				ASSETCATALOG_COMPILER_APPICON_NAME = AppIcon;
				INFOPLIST_FILE = Schemes/Info.plist;
				LD_RUNPATH_SEARCH_PATHS = "$(inherited) @executable_path/Frameworks";
				PRODUCT_BUNDLE_IDENTIFIER = com.toddperkins.Schemes;
				PRODUCT_NAME = "$(TARGET_NAME)";
			};
			name = Release;
		};
		6326D52A1BB5B7E700A38F65 /* Debug */ = {
			isa = XCBuildConfiguration;
			buildSettings = {
				BUNDLE_LOADER = "$(TEST_HOST)";
				INFOPLIST_FILE = SchemesTests/Info.plist;
				LD_RUNPATH_SEARCH_PATHS = "$(inherited) @executable_path/Frameworks @loader_path/Frameworks";
				PRODUCT_BUNDLE_IDENTIFIER = com.toddperkins.SchemesTests;
				PRODUCT_NAME = "$(TARGET_NAME)";
				TEST_HOST = "$(BUILT_PRODUCTS_DIR)/Schemes.app/Schemes";
			};
			name = Debug;
		};
		6326D52B1BB5B7E700A38F65 /* Release */ = {
			isa = XCBuildConfiguration;
			buildSettings = {
				BUNDLE_LOADER = "$(TEST_HOST)";
				INFOPLIST_FILE = SchemesTests/Info.plist;
				LD_RUNPATH_SEARCH_PATHS = "$(inherited) @executable_path/Frameworks @loader_path/Frameworks";
				PRODUCT_BUNDLE_IDENTIFIER = com.toddperkins.SchemesTests;
				PRODUCT_NAME = "$(TARGET_NAME)";
				TEST_HOST = "$(BUILT_PRODUCTS_DIR)/Schemes.app/Schemes";
			};
			name = Release;
		};
		6326D52D1BB5B7E700A38F65 /* Debug */ = {
			isa = XCBuildConfiguration;
			buildSettings = {
				INFOPLIST_FILE = SchemesUITests/Info.plist;
				LD_RUNPATH_SEARCH_PATHS = "$(inherited) @executable_path/Frameworks @loader_path/Frameworks";
				PRODUCT_BUNDLE_IDENTIFIER = com.toddperkins.SchemesUITests;
				PRODUCT_NAME = "$(TARGET_NAME)";
				TEST_TARGET_NAME = Schemes;
				USES_XCTRUNNER = YES;
			};
			name = Debug;
		};
		6326D52E1BB5B7E700A38F65 /* Release */ = {
			isa = XCBuildConfiguration;
			buildSettings = {
				INFOPLIST_FILE = SchemesUITests/Info.plist;
				LD_RUNPATH_SEARCH_PATHS = "$(inherited) @executable_path/Frameworks @loader_path/Frameworks";
				PRODUCT_BUNDLE_IDENTIFIER = com.toddperkins.SchemesUITests;
				PRODUCT_NAME = "$(TARGET_NAME)";
				TEST_TARGET_NAME = Schemes;
				USES_XCTRUNNER = YES;
			};
			name = Release;
		};
/* End XCBuildConfiguration section */

/* Begin XCConfigurationList section */
		6326D4F91BB5B7E700A38F65 /* Build configuration list for PBXProject "Schemes" */ = {
			isa = XCConfigurationList;
			buildConfigurations = (
				6326D5241BB5B7E700A38F65 /* Debug */,
				6326D5251BB5B7E700A38F65 /* Release */,
			);
			defaultConfigurationIsVisible = 0;
			defaultConfigurationName = Release;
		};
		6326D5261BB5B7E700A38F65 /* Build configuration list for PBXNativeTarget "Schemes" */ = {
			isa = XCConfigurationList;
			buildConfigurations = (
				6326D5271BB5B7E700A38F65 /* Debug */,
				6326D5281BB5B7E700A38F65 /* Release */,
			);
			defaultConfigurationIsVisible = 0;
		};
		6326D5291BB5B7E700A38F65 /* Build configuration list for PBXNativeTarget "SchemesTests" */ = {
			isa = XCConfigurationList;
			buildConfigurations = (
				6326D52A1BB5B7E700A38F65 /* Debug */,
				6326D52B1BB5B7E700A38F65 /* Release */,
			);
			defaultConfigurationIsVisible = 0;
		};
		6326D52C1BB5B7E700A38F65 /* Build configuration list for PBXNativeTarget "SchemesUITests" */ = {
			isa = XCConfigurationList;
			buildConfigurations = (
				6326D52D1BB5B7E700A38F65 /* Debug */,
				6326D52E1BB5B7E700A38F65 /* Release */,
			);
			defaultConfigurationIsVisible = 0;
		};
/* End XCConfigurationList section */
	};
	rootObject = 6326D4F61BB5B7E700A38F65 /* Project object */;
}
