// !$*UTF8*$!
{
	archiveVersion = 1;
	classes = {
	};
	objectVersion = 46;
	objects = {

/* Begin PBXBuildFile section */
		63CF02071C7D2C0A00496929 /* AppDelegate.swift in Sources */ = {isa = PBXBuildFile; fileRef = 63CF02061C7D2C0A00496929 /* AppDelegate.swift */; };
		63CF02091C7D2C0A00496929 /* ViewController.swift in Sources */ = {isa = PBXBuildFile; fileRef = 63CF02081C7D2C0A00496929 /* ViewController.swift */; };
		63CF020C1C7D2C0A00496929 /* Main.storyboard in Resources */ = {isa = PBXBuildFile; fileRef = 63CF020A1C7D2C0A00496929 /* Main.storyboard */; };
		63CF020E1C7D2C0A00496929 /* Assets.xcassets in Resources */ = {isa = PBXBuildFile; fileRef = 63CF020D1C7D2C0A00496929 /* Assets.xcassets */; };
		63CF02111C7D2C0A00496929 /* LaunchScreen.storyboard in Resources */ = {isa = PBXBuildFile; fileRef = 63CF020F1C7D2C0A00496929 /* LaunchScreen.storyboard */; };
/* End PBXBuildFile section */

/* Begin PBXFileReference section */
		63CF02031C7D2C0A00496929 /* Icons.app */ = {isa = PBXFileReference; explicitFileType = wrapper.application; includeInIndex = 0; path = Icons.app; sourceTree = BUILT_PRODUCTS_DIR; };
		63CF02061C7D2C0A00496929 /* AppDelegate.swift */ = {isa = PBXFileReference; lastKnownFileType = sourcecode.swift; path = AppDelegate.swift; sourceTree = "<group>"; };
		63CF02081C7D2C0A00496929 /* ViewController.swift */ = {isa = PBXFileReference; lastKnownFileType = sourcecode.swift; path = ViewController.swift; sourceTree = "<group>"; };
		63CF020B1C7D2C0A00496929 /* Base */ = {isa = PBXFileReference; lastKnownFileType = file.storyboard; name = Base; path = Base.lproj/Main.storyboard; sourceTree = "<group>"; };
		63CF020D1C7D2C0A00496929 /* Assets.xcassets */ = {isa = PBXFileReference; lastKnownFileType = folder.assetcatalog; path = Assets.xcassets; sourceTree = "<group>"; };
		63CF02101C7D2C0A00496929 /* Base */ = {isa = PBXFileReference; lastKnownFileType = file.storyboard; name = Base; path = Base.lproj/LaunchScreen.storyboard; sourceTree = "<group>"; };
		63CF02121C7D2C0A00496929 /* Info.plist */ = {isa = PBXFileReference; lastKnownFileType = text.plist.xml; path = Info.plist; sourceTree = "<group>"; };
/* End PBXFileReference section */

/* Begin PBXFrameworksBuildPhase section */
		63CF02001C7D2C0A00496929 /* Frameworks */ = {
			isa = PBXFrameworksBuildPhase;
			buildActionMask = 2147483647;
			files = (
			);
			runOnlyForDeploymentPostprocessing = 0;
		};
/* End PBXFrameworksBuildPhase section */

/* Begin PBXGroup section */
		63CF01FA1C7D2C0A00496929 = {
			isa = PBXGroup;
			children = (
				63CF02051C7D2C0A00496929 /* Icons */,
				63CF02041C7D2C0A00496929 /* Products */,
			);
			sourceTree = "<group>";
		};
		63CF02041C7D2C0A00496929 /* Products */ = {
			isa = PBXGroup;
			children = (
				63CF02031C7D2C0A00496929 /* Icons.app */,
			);
			name = Products;
			sourceTree = "<group>";
		};
		63CF02051C7D2C0A00496929 /* Icons */ = {
			isa = PBXGroup;
			children = (
				63CF02061C7D2C0A00496929 /* AppDelegate.swift */,
				63CF02081C7D2C0A00496929 /* ViewController.swift */,
				63CF020A1C7D2C0A00496929 /* Main.storyboard */,
				63CF020D1C7D2C0A00496929 /* Assets.xcassets */,
				63CF020F1C7D2C0A00496929 /* LaunchScreen.storyboard */,
				63CF02121C7D2C0A00496929 /* Info.plist */,
			);
			path = Icons;
			sourceTree = "<group>";
		};
/* End PBXGroup section */

/* Begin PBXNativeTarget section */
		63CF02021C7D2C0A00496929 /* Icons */ = {
			isa = PBXNativeTarget;
			buildConfigurationList = 63CF02151C7D2C0A00496929 /* Build configuration list for PBXNativeTarget "Icons" */;
			buildPhases = (
				63CF01FF1C7D2C0A00496929 /* Sources */,
				63CF02001C7D2C0A00496929 /* Frameworks */,
				63CF02011C7D2C0A00496929 /* Resources */,
			);
			buildRules = (
			);
			dependencies = (
			);
			name = Icons;
			productName = Icons;
			productReference = 63CF02031C7D2C0A00496929 /* Icons.app */;
			productType = "com.apple.product-type.application";
		};
/* End PBXNativeTarget section */

/* Begin PBXProject section */
		63CF01FB1C7D2C0A00496929 /* Project object */ = {
			isa = PBXProject;
			attributes = {
				LastSwiftUpdateCheck = 0720;
				LastUpgradeCheck = 0720;
				ORGANIZATIONNAME = LDC;
				TargetAttributes = {
					63CF02021C7D2C0A00496929 = {
						CreatedOnToolsVersion = 7.2.1;
						DevelopmentTeam = 645DPB2K5W;
					};
				};
			};
			buildConfigurationList = 63CF01FE1C7D2C0A00496929 /* Build configuration list for PBXProject "Icons" */;
			compatibilityVersion = "Xcode 3.2";
			developmentRegion = English;
			hasScannedForEncodings = 0;
			knownRegions = (
				en,
				Base,
			);
			mainGroup = 63CF01FA1C7D2C0A00496929;
			productRefGroup = 63CF02041C7D2C0A00496929 /* Products */;
			projectDirPath = "";
			projectRoot = "";
			targets = (
				63CF02021C7D2C0A00496929 /* Icons */,
			);
		};
/* End PBXProject section */

/* Begin PBXResourcesBuildPhase section */
		63CF02011C7D2C0A00496929 /* Resources */ = {
			isa = PBXResourcesBuildPhase;
			buildActionMask = 2147483647;
			files = (
				63CF02111C7D2C0A00496929 /* LaunchScreen.storyboard in Resources */,
				63CF020E1C7D2C0A00496929 /* Assets.xcassets in Resources */,
				63CF020C1C7D2C0A00496929 /* Main.storyboard in Resources */,
			);
			runOnlyForDeploymentPostprocessing = 0;
		};
/* End PBXResourcesBuildPhase section */

/* Begin PBXSourcesBuildPhase section */
		63CF01FF1C7D2C0A00496929 /* Sources */ = {
			isa = PBXSourcesBuildPhase;
			buildActionMask = 2147483647;
			files = (
				63CF02091C7D2C0A00496929 /* ViewController.swift in Sources */,
				63CF02071C7D2C0A00496929 /* AppDelegate.swift in Sources */,
			);
			runOnlyForDeploymentPostprocessing = 0;
		};
/* End PBXSourcesBuildPhase section */

/* Begin PBXVariantGroup section */
		63CF020A1C7D2C0A00496929 /* Main.storyboard */ = {
			isa = PBXVariantGroup;
			children = (
				63CF020B1C7D2C0A00496929 /* Base */,
			);
			name = Main.storyboard;
			sourceTree = "<group>";
		};
		63CF020F1C7D2C0A00496929 /* LaunchScreen.storyboard */ = {
			isa = PBXVariantGroup;
			children = (
				63CF02101C7D2C0A00496929 /* Base */,
			);
			name = LaunchScreen.storyboard;
			sourceTree = "<group>";
		};
/* End PBXVariantGroup section */

/* Begin XCBuildConfiguration section */
		63CF02131C7D2C0A00496929 /* Debug */ = {
			isa = XCBuildConfiguration;
			buildSettings = {
				ALWAYS_SEARCH_USER_PATHS = NO;
				CLANG_CXX_LANGUAGE_STANDARD = "gnu++0x";
				CLANG_CXX_LIBRARY = "libc++";
				CLANG_ENABLE_MODULES = YES;
				CLANG_ENABLE_OBJC_ARC = YES;
				CLANG_WARN_BOOL_CONVERSION = YES;
				CLANG_WARN_CONSTANT_CONVERSION = YES;
				CLANG_WARN_DIRECT_OBJC_ISA_USAGE = YES_ERROR;
				CLANG_WARN_EMPTY_BODY = YES;
				CLANG_WARN_ENUM_CONVERSION = YES;
				CLANG_WARN_INT_CONVERSION = YES;
				CLANG_WARN_OBJC_ROOT_CLASS = YES_ERROR;
				CLANG_WARN_UNREACHABLE_CODE = YES;
				CLANG_WARN__DUPLICATE_METHOD_MATCH = YES;
				"CODE_SIGN_IDENTITY[sdk=iphoneos*]" = "iPhone Developer";
				COPY_PHASE_STRIP = NO;
				DEBUG_INFORMATION_FORMAT = dwarf;
				ENABLE_STRICT_OBJC_MSGSEND = YES;
				ENABLE_TESTABILITY = YES;
				GCC_C_LANGUAGE_STANDARD = gnu99;
				GCC_DYNAMIC_NO_PIC = NO;
				GCC_NO_COMMON_BLOCKS = YES;
				GCC_OPTIMIZATION_LEVEL = 0;
				GCC_PREPROCESSOR_DEFINITIONS = (
					"DEBUG=1",
					"$(inherited)",
				);
				GCC_WARN_64_TO_32_BIT_CONVERSION = YES;
				GCC_WARN_ABOUT_RETURN_TYPE = YES_ERROR;
				GCC_WARN_UNDECLARED_SELECTOR = YES;
				GCC_WARN_UNINITIALIZED_AUTOS = YES_AGGRESSIVE;
				GCC_WARN_UNUSED_FUNCTION = YES;
				GCC_WARN_UNUSED_VARIABLE = YES;
				IPHONEOS_DEPLOYMENT_TARGET = 9.2;
				MTL_ENABLE_DEBUG_INFO = YES;
				ONLY_ACTIVE_ARCH = YES;
				SDKROOT = iphoneos;
				SWIFT_OPTIMIZATION_LEVEL = "-Onone";
			};
			name = Debug;
		};
		63CF02141C7D2C0A00496929 /* Release */ = {
			isa = XCBuildConfiguration;
			buildSettings = {
				ALWAYS_SEARCH_USER_PATHS = NO;
				CLANG_CXX_LANGUAGE_STANDARD = "gnu++0x";
				CLANG_CXX_LIBRARY = "libc++";
				CLANG_ENABLE_MODULES = YES;
				CLANG_ENABLE_OBJC_ARC = YES;
				CLANG_WARN_BOOL_CONVERSION = YES;
				CLANG_WARN_CONSTANT_CONVERSION = YES;
				CLANG_WARN_DIRECT_OBJC_ISA_USAGE = YES_ERROR;
				CLANG_WARN_EMPTY_BODY = YES;
				CLANG_WARN_ENUM_CONVERSION = YES;
				CLANG_WARN_INT_CONVERSION = YES;
				CLANG_WARN_OBJC_ROOT_CLASS = YES_ERROR;
				CLANG_WARN_UNREACHABLE_CODE = YES;
				CLANG_WARN__DUPLICATE_METHOD_MATCH = YES;
				"CODE_SIGN_IDENTITY[sdk=iphoneos*]" = "iPhone Developer";
				COPY_PHASE_STRIP = NO;
				DEBUG_INFORMATION_FORMAT = "dwarf-with-dsym";
				ENABLE_NS_ASSERTIONS = NO;
				ENABLE_STRICT_OBJC_MSGSEND = YES;
				GCC_C_LANGUAGE_STANDARD = gnu99;
				GCC_NO_COMMON_BLOCKS = YES;
				GCC_WARN_64_TO_32_BIT_CONVERSION = YES;
				GCC_WARN_ABOUT_RETURN_TYPE = YES_ERROR;
				GCC_WARN_UNDECLARED_SELECTOR = YES;
				GCC_WARN_UNINITIALIZED_AUTOS = YES_AGGRESSIVE;
				GCC_WARN_UNUSED_FUNCTION = YES;
				GCC_WARN_UNUSED_VARIABLE = YES;
				IPHONEOS_DEPLOYMENT_TARGET = 9.2;
				MTL_ENABLE_DEBUG_INFO = NO;
				SDKROOT = iphoneos;
				VALIDATE_PRODUCT = YES;
			};
			name = Release;
		};
		63CF02161C7D2C0A00496929 /* Debug */ = {
			isa = XCBuildConfiguration;
			buildSettings = {
				ASSETCATALOG_COMPILER_APPICON_NAME = AppIcon;
				CODE_SIGN_IDENTITY = "iPhone Developer";
				INFOPLIST_FILE = Icons/Info.plist;
				LD_RUNPATH_SEARCH_PATHS = "$(inherited) @executable_path/Frameworks";
				PRODUCT_BUNDLE_IDENTIFIER = com.toddperkins.myapp;
				PRODUCT_NAME = "$(TARGET_NAME)";
				PROVISIONING_PROFILE = "2cb504b6-6157-4131-a809-f01494613538";
			};
			name = Debug;
		};
		63CF02171C7D2C0A00496929 /* Release */ = {
			isa = XCBuildConfiguration;
			buildSettings = {
				ASSETCATALOG_COMPILER_APPICON_NAME = AppIcon;
				CODE_SIGN_IDENTITY = "iPhone Distribution";
				INFOPLIST_FILE = Icons/Info.plist;
				LD_RUNPATH_SEARCH_PATHS = "$(inherited) @executable_path/Frameworks";
				PRODUCT_BUNDLE_IDENTIFIER = com.toddperkins.myapp;
				PRODUCT_NAME = "$(TARGET_NAME)";
				PROVISIONING_PROFILE = "2cb504b6-6157-4131-a809-f01494613538";
			};
			name = Release;
		};
/* End XCBuildConfiguration section */

/* Begin XCConfigurationList section */
		63CF01FE1C7D2C0A00496929 /* Build configuration list for PBXProject "Icons" */ = {
			isa = XCConfigurationList;
			buildConfigurations = (
				63CF02131C7D2C0A00496929 /* Debug */,
				63CF02141C7D2C0A00496929 /* Release */,
			);
			defaultConfigurationIsVisible = 0;
			defaultConfigurationName = Release;
		};
		63CF02151C7D2C0A00496929 /* Build configuration list for PBXNativeTarget "Icons" */ = {
			isa = XCConfigurationList;
			buildConfigurations = (
				63CF02161C7D2C0A00496929 /* Debug */,
				63CF02171C7D2C0A00496929 /* Release */,
			);
			defaultConfigurationIsVisible = 0;
			defaultConfigurationName = Release;
		};
/* End XCConfigurationList section */
	};
	rootObject = 63CF01FB1C7D2C0A00496929 /* Project object */;
}
